{
	"name": "example-custom-ipfs-repo",
	"requires": true,
	"lockfileVersion": 1,
	"dependencies": {
		"ipfs-repo": {
			"version": "2.0.1",
			"resolved": "https://registry.npmjs.org/ipfs-repo/-/ipfs-repo-2.0.1.tgz",
			"integrity": "sha512-4I+wFTu/oZEdpvQLDYRs8GIJ/zTQyiEm0sU67hmJxgi4zELROrQbvWlI1o7BJfpC2nFrbd7F0Zuur3C/lGp9MA==",
			"requires": {
				"bignumber.js": "^9.0.0",
				"buffer": "^5.6.0",
				"bytes": "^3.1.0",
				"cids": "^0.8.0",
				"datastore-core": "^1.0.0",
				"datastore-fs": "^1.0.0",
				"datastore-idb": "^1.0.2",
				"datastore-level": "^1.0.0",
				"debug": "^4.1.0",
				"err-code": "^2.0.0",
				"interface-datastore": "^0.8.3",
				"ipfs-repo-migrations": "^0.2.1",
				"ipfs-utils": "^2.2.0",
				"ipld-block": "^0.9.1",
				"just-safe-get": "^2.0.0",
				"just-safe-set": "^2.1.0",
				"multibase": "^0.7.0",
				"p-queue": "^6.0.0",
				"proper-lockfile": "^4.0.0",
				"sort-keys": "^4.0.0"
			},
			"dependencies": {
				"@types/color-name": {
					"version": "1.1.1",
					"resolved": "https://registry.npmjs.org/@types/color-name/-/color-name-1.1.1.tgz",
					"integrity": "sha512-rr+OQyAjxze7GgWrSaJwydHStIhHq2lvY3BOC2Mj7KnzI7XK0Uw1TOOdI9lDoajEbSWLiYgoo4f1R51erQfhPQ=="
				},
				"abort-controller": {
					"version": "3.0.0",
					"resolved": "https://registry.npmjs.org/abort-controller/-/abort-controller-3.0.0.tgz",
					"integrity": "sha512-h8lQ8tacZYnR3vNQTgibj+tODHI5/+l06Au2Pcriv/Gmet0eaj4TwWH41sO9wnHDiQsEj19q0drzdWdeAHtweg==",
					"requires": {
						"event-target-shim": "^5.0.0"
					}
				},
				"abstract-leveldown": {
					"version": "6.0.3",
					"resolved": "https://registry.npmjs.org/abstract-leveldown/-/abstract-leveldown-6.0.3.tgz",
					"integrity": "sha512-jzewKKpZbaYUa6HTThnrl+GrJhzjEAeuc7hTVpZdzg7kupXZFoqQDFwyOwLNbmJKJlmzw8yiipMPkDiuKkT06Q==",
					"requires": {
						"level-concat-iterator": "~2.0.0",
						"xtend": "~4.0.0"
					}
				},
				"ansi-regex": {
					"version": "4.1.0",
					"resolved": "https://registry.npmjs.org/ansi-regex/-/ansi-regex-4.1.0.tgz",
					"integrity": "sha512-1apePfXM1UOSqw0o9IiFAovVz9M5S1Dg+4TrDwfMewQ6p/rmMueb7tWZjQ1rx4Loy1ArBggoqGpfqqdI4rondg=="
				},
				"ansi-styles": {
					"version": "4.2.1",
					"resolved": "https://registry.npmjs.org/ansi-styles/-/ansi-styles-4.2.1.tgz",
					"integrity": "sha512-9VGjrMsG1vePxcSweQsN20KY/c4zN0h9fLjqAbwbPfahM3t+NL+M9HC8xeXG2I8pX5NoamTGNuomEUFI7fcUjA==",
					"requires": {
						"@types/color-name": "^1.1.1",
						"color-convert": "^2.0.1"
					}
				},
				"at-least-node": {
					"version": "1.0.0",
					"resolved": "https://registry.npmjs.org/at-least-node/-/at-least-node-1.0.0.tgz",
					"integrity": "sha512-+q/t7Ekv1EDY2l6Gda6LLiX14rU9TV20Wa3ofeQmwPFZbOMo9DXrLbOjFaaclkXKWidIaopwAObQDqwWtGUjqg=="
				},
				"balanced-match": {
					"version": "1.0.0",
					"resolved": "https://registry.npmjs.org/balanced-match/-/balanced-match-1.0.0.tgz",
					"integrity": "sha1-ibTRmasr7kneFk6gK4nORi1xt2c="
				},
				"base-x": {
					"version": "3.0.8",
					"resolved": "https://registry.npmjs.org/base-x/-/base-x-3.0.8.tgz",
					"integrity": "sha512-Rl/1AWP4J/zRrk54hhlxH4drNxPJXYUaKffODVI53/dAsV4t9fBxyxYKAVPU1XBHxYwOWP9h9H0hM2MVw4YfJA==",
					"requires": {
						"safe-buffer": "^5.0.1"
					}
				},
				"base64-js": {
					"version": "1.3.1",
					"resolved": "https://registry.npmjs.org/base64-js/-/base64-js-1.3.1.tgz",
					"integrity": "sha512-mLQ4i2QO1ytvGWFWmcngKO//JXAQueZvwEKtjgQFM4jIK0kU+ytMfplL8j+n5mspOfjHwoAg+9yhb7BwAHm36g=="
				},
				"bignumber.js": {
					"version": "9.0.0",
					"resolved": "https://registry.npmjs.org/bignumber.js/-/bignumber.js-9.0.0.tgz",
					"integrity": "sha512-t/OYhhJ2SD+YGBQcjY8GzzDHEk9f3nerxjtfa6tlMXfe7frs/WozhvCNoGvpM0P3bNf3Gq5ZRMlGr5f3r4/N8A=="
				},
				"brace-expansion": {
					"version": "1.1.11",
					"resolved": "https://registry.npmjs.org/brace-expansion/-/brace-expansion-1.1.11.tgz",
					"integrity": "sha512-iCuPHDFgrHX7H2vEI/5xpz07zSHB00TpugqhmYtVmMO6518mCuRMoOYFldEBl0g187ufozdaHgWKcYFb61qGiA==",
					"requires": {
						"balanced-match": "^1.0.0",
						"concat-map": "0.0.1"
					}
				},
				"buffer": {
					"version": "5.6.0",
					"resolved": "https://registry.npmjs.org/buffer/-/buffer-5.6.0.tgz",
					"integrity": "sha512-/gDYp/UtU0eA1ys8bOs9J6a+E/KWIY+DZ+Q2WESNUA0jFRsJOc0SNUO6xJ5SGA1xueg3NL65W6s+NY5l9cunuw==",
					"requires": {
						"base64-js": "^1.0.2",
						"ieee754": "^1.1.4"
					}
				},
				"bytes": {
					"version": "3.1.0",
					"resolved": "https://registry.npmjs.org/bytes/-/bytes-3.1.0.tgz",
					"integrity": "sha512-zauLjrfCG+xvoyaqLoV8bLVXXNGC4JqlxFCutSDWA6fJrTo2ZuvLYTqZ7aHBLZSMOopbzwv8f+wZcVzfVTI2Dg=="
				},
				"camelcase": {
					"version": "5.3.1",
					"resolved": "https://registry.npmjs.org/camelcase/-/camelcase-5.3.1.tgz",
					"integrity": "sha512-L28STB170nwWS63UjtlEOE3dldQApaJXZkOI1uMFfzf3rRuPegHaHesyee+YxQ+W6SvRDQV6UrdOdRiR153wJg=="
				},
				"chalk": {
					"version": "4.0.0",
					"resolved": "https://registry.npmjs.org/chalk/-/chalk-4.0.0.tgz",
					"integrity": "sha512-N9oWFcegS0sFr9oh1oz2d7Npos6vNoWW9HvtCg5N1KRFpUhaAhvTv5Y58g880fZaEYSNm3qDz8SU1UrGvp+n7A==",
					"requires": {
						"ansi-styles": "^4.1.0",
						"supports-color": "^7.1.0"
					}
				},
				"cids": {
					"version": "0.8.0",
					"resolved": "https://registry.npmjs.org/cids/-/cids-0.8.0.tgz",
					"integrity": "sha512-HdKURxtSOnww3H28CJU2TauIklEBsOn+ouGl2EOnSfVCVkH6+sWTj7to2D/BmuWvwzEy2+ZIKdcIwsXHJBQVew==",
					"requires": {
						"buffer": "^5.5.0",
						"class-is": "^1.1.0",
						"multibase": "~0.7.0",
						"multicodec": "^1.0.1",
						"multihashes": "~0.4.17"
					}
				},
				"class-is": {
					"version": "1.1.0",
					"resolved": "https://registry.npmjs.org/class-is/-/class-is-1.1.0.tgz",
					"integrity": "sha512-rhjH9AG1fvabIDoGRVH587413LPjTZgmDF9fOFCbFJQV4yuocX1mHxxvXI4g3cGwbVY9wAYIoKlg1N79frJKQw=="
				},
				"cliui": {
					"version": "5.0.0",
					"resolved": "https://registry.npmjs.org/cliui/-/cliui-5.0.0.tgz",
					"integrity": "sha512-PYeGSEmmHM6zvoef2w8TPzlrnNpXIjTipYK780YswmIP9vjxmd6Y2a3CB2Ks6/AU8NHjZugXvo8w3oWM2qnwXA==",
					"requires": {
						"string-width": "^3.1.0",
						"strip-ansi": "^5.2.0",
						"wrap-ansi": "^5.1.0"
					}
				},
				"color-convert": {
					"version": "2.0.1",
					"resolved": "https://registry.npmjs.org/color-convert/-/color-convert-2.0.1.tgz",
					"integrity": "sha512-RRECPsj7iu/xb5oKYcsFHSppFNnsj/52OVTRKb4zP5onXwVF3zVmmToNcOfGC+CRDpfK/U584fMg38ZHCaElKQ==",
					"requires": {
						"color-name": "~1.1.4"
					}
				},
				"color-name": {
					"version": "1.1.4",
					"resolved": "https://registry.npmjs.org/color-name/-/color-name-1.1.4.tgz",
					"integrity": "sha512-dOy+3AuW3a2wNbZHIuMZpTcgjGuLU/uBL/ubcZF9OXbDo8ff4O8yVp5Bf0efS8uEoYo5q4Fx7dY9OgQGXgAsQA=="
				},
				"concat-map": {
					"version": "0.0.1",
					"resolved": "https://registry.npmjs.org/concat-map/-/concat-map-0.0.1.tgz",
					"integrity": "sha1-2Klr13/Wjfd5OnMDajug1UBdR3s="
				},
				"datastore-core": {
					"version": "1.0.0",
					"resolved": "https://registry.npmjs.org/datastore-core/-/datastore-core-1.0.0.tgz",
					"integrity": "sha512-BS3bH+OOdW3ehY03awN6OhLhv6XvYUuQZBSUoIDA8qEyASBGj3nkBVfJBOEqozBXA0Q4/4QumkRxJfYnqrDy5w==",
					"requires": {
						"buffer": "^5.5.0",
						"debug": "^4.1.1",
						"interface-datastore": "^0.8.2"
					}
				},
				"datastore-fs": {
					"version": "1.0.0",
					"resolved": "https://registry.npmjs.org/datastore-fs/-/datastore-fs-1.0.0.tgz",
					"integrity": "sha512-8BO6BmYGYhAG/Gsrpi/Ml0X/ua1b6fS8YIkDQmk88pw5QOiTf5SY1xSINYrfSmOxzgL05BW7AEFPeIVFaXXhxQ==",
					"requires": {
						"datastore-core": "^1.0.0",
						"fast-write-atomic": "~0.2.0",
						"glob": "^7.1.3",
						"interface-datastore": "~0.8.3",
						"mkdirp": "^1.0.4"
					}
				},
				"datastore-idb": {
					"version": "1.0.2",
					"resolved": "https://registry.npmjs.org/datastore-idb/-/datastore-idb-1.0.2.tgz",
					"integrity": "sha512-bAQgjOT49n9qarfENsXq12hKbBdycsJYFDuZpxoKrqNMFbDFjl87oG+HiTZCMBkg9aNqFhDapbbNjoGJ85cEFg==",
					"requires": {
						"buffer": "^5.5.0",
						"idb": "^5.0.2",
						"interface-datastore": "^0.8.3"
					}
				},
				"datastore-level": {
					"version": "1.0.0",
					"resolved": "https://registry.npmjs.org/datastore-level/-/datastore-level-1.0.0.tgz",
					"integrity": "sha512-qTrj9IoFeeLkOT+7Hhw5wbasm8Ayi1fJi1TuCBIX5FiqYTA4q1X9oTZ43x7REa6AJvWpgYdnZAlivnLBb0WDDw==",
					"requires": {
						"datastore-core": "^1.0.0",
						"interface-datastore": "^0.8.0",
						"level": "^5.0.1"
					}
				},
				"debug": {
					"version": "4.1.1",
					"resolved": "https://registry.npmjs.org/debug/-/debug-4.1.1.tgz",
					"integrity": "sha512-pYAIzeRo8J6KPEaJ0VWOh5Pzkbw/RetuzehGM7QRRX5he4fPHx2rdKMB256ehJCkX+XRQm16eZLqLNS8RSZXZw==",
					"requires": {
						"ms": "^2.1.1"
					}
				},
				"decamelize": {
					"version": "1.2.0",
					"resolved": "https://registry.npmjs.org/decamelize/-/decamelize-1.2.0.tgz",
					"integrity": "sha1-9lNNFRSCabIDUue+4m9QH5oZEpA="
				},
				"deferred-leveldown": {
					"version": "5.3.0",
					"resolved": "https://registry.npmjs.org/deferred-leveldown/-/deferred-leveldown-5.3.0.tgz",
					"integrity": "sha512-a59VOT+oDy7vtAbLRCZwWgxu2BaCfd5Hk7wxJd48ei7I+nsg8Orlb9CLG0PMZienk9BSUKgeAqkO2+Lw+1+Ukw==",
					"requires": {
						"abstract-leveldown": "~6.2.1",
						"inherits": "^2.0.3"
					},
					"dependencies": {
						"abstract-leveldown": {
							"version": "6.2.3",
							"resolved": "https://registry.npmjs.org/abstract-leveldown/-/abstract-leveldown-6.2.3.tgz",
							"integrity": "sha512-BsLm5vFMRUrrLeCcRc+G0t2qOaTzpoJQLOubq2XM72eNpjF5UdU5o/5NvlNhx95XHcAvcl8OMXr4mlg/fRgUXQ==",
							"requires": {
								"buffer": "^5.5.0",
								"immediate": "^3.2.3",
								"level-concat-iterator": "~2.0.0",
								"level-supports": "~1.0.0",
								"xtend": "~4.0.0"
							}
						}
					}
				},
				"emoji-regex": {
					"version": "7.0.3",
					"resolved": "https://registry.npmjs.org/emoji-regex/-/emoji-regex-7.0.3.tgz",
					"integrity": "sha512-CwBLREIQ7LvYFB0WyRvwhq5N5qPhc6PMjD6bYggFlI5YyDgl+0vxq5VHbMOFqLg7hfWzmu8T5Z1QofhmTIhItA=="
				},
				"encoding-down": {
					"version": "6.3.0",
					"resolved": "https://registry.npmjs.org/encoding-down/-/encoding-down-6.3.0.tgz",
					"integrity": "sha512-QKrV0iKR6MZVJV08QY0wp1e7vF6QbhnbQhb07bwpEyuz4uZiZgPlEGdkCROuFkUwdxlFaiPIhjyarH1ee/3vhw==",
					"requires": {
						"abstract-leveldown": "^6.2.1",
						"inherits": "^2.0.3",
						"level-codec": "^9.0.0",
						"level-errors": "^2.0.0"
					},
					"dependencies": {
						"abstract-leveldown": {
							"version": "6.3.0",
							"resolved": "https://registry.npmjs.org/abstract-leveldown/-/abstract-leveldown-6.3.0.tgz",
							"integrity": "sha512-TU5nlYgta8YrBMNpc9FwQzRbiXsj49gsALsXadbGHt9CROPzX5fB0rWDR5mtdpOOKa5XqRFpbj1QroPAoPzVjQ==",
							"requires": {
								"buffer": "^5.5.0",
								"immediate": "^3.2.3",
								"level-concat-iterator": "~2.0.0",
								"level-supports": "~1.0.0",
								"xtend": "~4.0.0"
							}
						}
					}
				},
				"err-code": {
					"version": "2.0.0",
					"resolved": "https://registry.npmjs.org/err-code/-/err-code-2.0.0.tgz",
					"integrity": "sha512-MsMOijQ4v0xlmrz1fc7lyPEy7jFhoNF7EVaRSP7mPzs20LaFOwG6qNjGRy3Ie85n9DARlcUnB1zbsBv5sJrIvw=="
				},
				"errno": {
					"version": "0.1.7",
					"resolved": "https://registry.npmjs.org/errno/-/errno-0.1.7.tgz",
					"integrity": "sha512-MfrRBDWzIWifgq6tJj60gkAwtLNb6sQPlcFrSOflcP1aFmmruKQ2wRnze/8V6kgyz7H3FF8Npzv78mZ7XLLflg==",
					"requires": {
						"prr": "~1.0.1"
					}
				},
				"event-target-shim": {
					"version": "5.0.1",
					"resolved": "https://registry.npmjs.org/event-target-shim/-/event-target-shim-5.0.1.tgz",
					"integrity": "sha512-i/2XbnSz/uxRCU6+NdVJgKWDTM427+MqYbkQzD321DuCQJUqOuJKIA0IM2+W2xtYHdKOmZ4dR6fExsd4SXL+WQ=="
				},
				"eventemitter3": {
					"version": "4.0.0",
					"resolved": "https://registry.npmjs.org/eventemitter3/-/eventemitter3-4.0.0.tgz",
					"integrity": "sha512-qerSRB0p+UDEssxTtm6EDKcE7W4OaoisfIMl4CngyEhjpYglocpNg6UEqCvemdGhosAsg4sO2dXJOdyBifPGCg=="
				},
				"fast-write-atomic": {
					"version": "0.2.1",
					"resolved": "https://registry.npmjs.org/fast-write-atomic/-/fast-write-atomic-0.2.1.tgz",
					"integrity": "sha512-WvJe06IfNYlr+6cO3uQkdKdy3Cb1LlCJSF8zRs2eT8yuhdbSlR9nIt+TgQ92RUxiRrQm+/S7RARnMfCs5iuAjw=="
				},
				"find-up": {
					"version": "3.0.0",
					"resolved": "https://registry.npmjs.org/find-up/-/find-up-3.0.0.tgz",
					"integrity": "sha512-1yD6RmLI1XBfxugvORwlck6f75tYL+iR0jqwsOrOxMZyGYqUuDhJ0l4AXdO1iX/FTs9cBAMEk1gWSEx1kSbylg==",
					"requires": {
						"locate-path": "^3.0.0"
					}
				},
				"fs-extra": {
					"version": "9.0.0",
					"resolved": "https://registry.npmjs.org/fs-extra/-/fs-extra-9.0.0.tgz",
					"integrity": "sha512-pmEYSk3vYsG/bF651KPUXZ+hvjpgWYw/Gc7W9NFUe3ZVLczKKWIij3IKpOrQcdw4TILtibFslZ0UmR8Vvzig4g==",
					"requires": {
						"at-least-node": "^1.0.0",
						"graceful-fs": "^4.2.0",
						"jsonfile": "^6.0.1",
						"universalify": "^1.0.0"
					}
				},
				"fs.realpath": {
					"version": "1.0.0",
					"resolved": "https://registry.npmjs.org/fs.realpath/-/fs.realpath-1.0.0.tgz",
					"integrity": "sha1-FQStJSMVjKpA20onh8sBQRmU6k8="
				},
				"get-caller-file": {
					"version": "2.0.5",
					"resolved": "https://registry.npmjs.org/get-caller-file/-/get-caller-file-2.0.5.tgz",
					"integrity": "sha512-DyFP3BM/3YHTQOCUL/w0OZHR0lpKeGrxotcHWcqNEdnltqFwXVfhEBQ94eIo34AfQpo0rGki4cyIiftY06h2Fg=="
				},
				"get-iterator": {
					"version": "1.0.2",
					"resolved": "https://registry.npmjs.org/get-iterator/-/get-iterator-1.0.2.tgz",
					"integrity": "sha512-v+dm9bNVfOYsY1OrhaCrmyOcYoSeVvbt+hHZ0Au+T+p1y+0Uyj9aMaGIeUTT6xdpRbWzDeYKvfOslPhggQMcsg=="
				},
				"glob": {
					"version": "7.1.6",
					"resolved": "https://registry.npmjs.org/glob/-/glob-7.1.6.tgz",
					"integrity": "sha512-LwaxwyZ72Lk7vZINtNNrywX0ZuLyStrdDtabefZKAY5ZGJhVtgdznluResxNmPitE0SAO+O26sWTHeKSI2wMBA==",
					"requires": {
						"fs.realpath": "^1.0.0",
						"inflight": "^1.0.4",
						"inherits": "2",
						"minimatch": "^3.0.4",
						"once": "^1.3.0",
						"path-is-absolute": "^1.0.0"
					}
				},
				"graceful-fs": {
					"version": "4.2.4",
					"resolved": "https://registry.npmjs.org/graceful-fs/-/graceful-fs-4.2.4.tgz",
					"integrity": "sha512-WjKPNJF79dtJAVniUlGGWHYGz2jWxT6VhN/4m1NdkbZ2nOsEF+cI1Edgql5zCRhs/VsQYRvrXctxktVXZUkixw=="
				},
				"has-flag": {
					"version": "4.0.0",
					"resolved": "https://registry.npmjs.org/has-flag/-/has-flag-4.0.0.tgz",
					"integrity": "sha512-EykJT/Q1KjTWctppgIAgfSO0tKVuZUjhgMr17kqTumMl6Afv3EISleU7qZUzoXDFTAHTDC4NOoG/ZxU3EvlMPQ=="
				},
				"idb": {
					"version": "5.0.2",
					"resolved": "https://registry.npmjs.org/idb/-/idb-5.0.2.tgz",
					"integrity": "sha512-53yU1RbSPkSkQxufmNgcBkxxnbsTMGaYCv2NwQDmBP75muYj4Z75DsvCqhCCivYcC1XaXDi9tZSUOfDQFxuABA=="
				},
				"ieee754": {
					"version": "1.1.13",
					"resolved": "https://registry.npmjs.org/ieee754/-/ieee754-1.1.13.tgz",
					"integrity": "sha512-4vf7I2LYV/HaWerSo3XmlMkp5eZ83i+/CDluXi/IGTs/O1sejBNhTtnxzmRZfvOUqj7lZjqHkeTvpgSFDlWZTg=="
				},
				"immediate": {
					"version": "3.2.3",
					"resolved": "https://registry.npmjs.org/immediate/-/immediate-3.2.3.tgz",
					"integrity": "sha1-0UD6j2FGWb1lQSMwl92qwlzdmRw="
				},
				"inflight": {
					"version": "1.0.6",
					"resolved": "https://registry.npmjs.org/inflight/-/inflight-1.0.6.tgz",
					"integrity": "sha1-Sb1jMdfQLQwJvJEKEHW6gWW1bfk=",
					"requires": {
						"once": "^1.3.0",
						"wrappy": "1"
					}
				},
				"inherits": {
					"version": "2.0.4",
					"resolved": "https://registry.npmjs.org/inherits/-/inherits-2.0.4.tgz",
					"integrity": "sha512-k/vGaX4/Yla3WzyMCvTQOXYeIHvqOKtnqBduzTHpzpQZzAskKMhZ2K+EnBiSM9zGSoIFeMpXKxa4dYeZIQqewQ=="
				},
				"interface-datastore": {
					"version": "0.8.3",
					"resolved": "https://registry.npmjs.org/interface-datastore/-/interface-datastore-0.8.3.tgz",
					"integrity": "sha512-0boeaQbqRUV+7edgdkDDNl8/m0bzFbBEfM3tC0Prro2ZE7N9dtcIDh/cW812P/22Gjhlj1J7KIn0mPzbO4HjPQ==",
					"requires": {
						"buffer": "^5.5.0",
						"class-is": "^1.1.0",
						"err-code": "^2.0.0",
						"ipfs-utils": "^1.2.3",
						"iso-random-stream": "^1.1.1",
						"nanoid": "^3.0.2"
					},
					"dependencies": {
						"ipfs-utils": {
							"version": "1.2.4",
							"resolved": "https://registry.npmjs.org/ipfs-utils/-/ipfs-utils-1.2.4.tgz",
							"integrity": "sha512-xUP7SmOAb50OHL8D2KasRHRBOtRdyHHerfCEJBmS9+qpe6wzpbhftdsZJ2UD2v7HXgi7IH9eTps5uPXKUd2aVg==",
							"requires": {
								"abort-controller": "^3.0.0",
								"buffer": "^5.4.2",
								"err-code": "^2.0.0",
								"fs-extra": "^9.0.0",
								"is-electron": "^2.2.0",
								"iso-url": "^0.4.7",
								"it-glob": "0.0.7",
								"merge-options": "^2.0.0",
								"nanoid": "^2.1.11",
								"node-fetch": "^2.6.0",
								"stream-to-it": "^0.2.0"
							},
							"dependencies": {
								"nanoid": {
									"version": "2.1.11",
									"resolved": "https://registry.npmjs.org/nanoid/-/nanoid-2.1.11.tgz",
									"integrity": "sha512-s/snB+WGm6uwi0WjsZdaVcuf3KJXlfGl2LcxgwkEwJF0D/BWzVWAZW/XY4bFaiR7s0Jk3FPvlnepg1H1b1UwlA=="
								}
							}
						}
					}
				},
				"ipfs-repo-migrations": {
					"version": "0.2.1",
					"resolved": "https://registry.npmjs.org/ipfs-repo-migrations/-/ipfs-repo-migrations-0.2.1.tgz",
					"integrity": "sha512-R046LvO4cewv2H7DcVBHvzGojRu2/WenVAj0uPNgS6zbuLjz7Xz2EcBhpux+ivrQ3oD2ajCjVT3vF3mfQu+0qg==",
					"requires": {
						"buffer": "^5.6.0",
						"chalk": "^4.0.0",
						"datastore-fs": "^1.0.0",
						"datastore-idb": "^1.0.2",
						"debug": "^4.1.0",
						"interface-datastore": "~0.8.3",
						"proper-lockfile": "^4.1.1",
						"yargs": "^14.2.0",
						"yargs-promise": "^1.1.0"
					}
				},
				"ipfs-utils": {
					"version": "2.2.0",
					"resolved": "https://registry.npmjs.org/ipfs-utils/-/ipfs-utils-2.2.0.tgz",
					"integrity": "sha512-V4pq/BYpWupB+QdVEBnNl/B7uMx3glLVCGAQRGI66DQJTa78vdcEyD8XeRB4wUUFMbxUo1s0J0CH/pJsYNgF9A==",
					"requires": {
						"abort-controller": "^3.0.0",
						"buffer": "^5.4.2",
						"err-code": "^2.0.0",
						"fs-extra": "^9.0.0",
						"is-electron": "^2.2.0",
						"iso-url": "^0.4.7",
						"it-glob": "0.0.7",
						"merge-options": "^2.0.0",
						"nanoid": "^3.1.3",
						"node-fetch": "^2.6.0",
						"stream-to-it": "^0.2.0"
					}
				},
				"ipld-block": {
					"version": "0.9.1",
					"resolved": "https://registry.npmjs.org/ipld-block/-/ipld-block-0.9.1.tgz",
					"integrity": "sha512-ypzGNd6VraQx3sU1x8w4/vJPwVKCZgRRLYuXHLJsvW/KQ9xjxN+HkcJgKw2E9up6G7c+1kIWNGnyxsPWjc27pQ==",
					"requires": {
						"buffer": "^5.5.0",
						"cids": "~0.8.0",
						"class-is": "^1.1.0"
					}
				},
				"is-electron": {
					"version": "2.2.0",
					"resolved": "https://registry.npmjs.org/is-electron/-/is-electron-2.2.0.tgz",
					"integrity": "sha512-SpMppC2XR3YdxSzczXReBjqs2zGscWQpBIKqwXYBFic0ERaxNVgwLCHwOLZeESfdJQjX0RDvrJ1lBXX2ij+G1Q=="
				},
				"is-fullwidth-code-point": {
					"version": "2.0.0",
					"resolved": "https://registry.npmjs.org/is-fullwidth-code-point/-/is-fullwidth-code-point-2.0.0.tgz",
					"integrity": "sha1-o7MKXE8ZkYMWeqq5O+764937ZU8="
				},
				"is-plain-obj": {
					"version": "2.1.0",
					"resolved": "https://registry.npmjs.org/is-plain-obj/-/is-plain-obj-2.1.0.tgz",
					"integrity": "sha512-YWnfyRwxL/+SsrWYfOpUtz5b3YD+nyfkHvjbcanzk8zgyO4ASD67uVMRt8k5bM4lLMDnXfriRhOpemw+NfT1eA=="
				},
				"is-typedarray": {
					"version": "1.0.0",
					"resolved": "https://registry.npmjs.org/is-typedarray/-/is-typedarray-1.0.0.tgz",
					"integrity": "sha1-5HnICFjfDBsR3dppQPlgEfzaSpo="
				},
				"iso-random-stream": {
					"version": "1.1.1",
					"resolved": "https://registry.npmjs.org/iso-random-stream/-/iso-random-stream-1.1.1.tgz",
					"integrity": "sha512-YEt/7xOwTdu4KXIgtdgGFkiLUsBaddbnkmHyaFdjJYIcD7V4gpQHPvYC5tyh3kA0PQ01y9lWm1ruVdf8Mqzovg==",
					"requires": {
						"buffer": "^5.4.3",
						"readable-stream": "^3.4.0"
					}
				},
				"iso-url": {
					"version": "0.4.7",
					"resolved": "https://registry.npmjs.org/iso-url/-/iso-url-0.4.7.tgz",
					"integrity": "sha512-27fFRDnPAMnHGLq36bWTpKET+eiXct3ENlCcdcMdk+mjXrb2kw3mhBUg1B7ewAC0kVzlOPhADzQgz1SE6Tglog=="
				},
				"it-glob": {
					"version": "0.0.7",
					"resolved": "https://registry.npmjs.org/it-glob/-/it-glob-0.0.7.tgz",
					"integrity": "sha512-XfbziJs4fi0MfdEGTLkZXeqo2EorF2baFXxFn1E2dGbgYMhFTZlZ2Yn/mx5CkpuLWVJvO1DwtTOVW2mzRyVK8w==",
					"requires": {
						"fs-extra": "^8.1.0",
						"minimatch": "^3.0.4"
					},
					"dependencies": {
						"fs-extra": {
							"version": "8.1.0",
							"resolved": "https://registry.npmjs.org/fs-extra/-/fs-extra-8.1.0.tgz",
							"integrity": "sha512-yhlQgA6mnOJUKOsRUFsgJdQCvkKhcz8tlZG5HBQfReYZy46OwLcY+Zia0mtdHsOo9y/hP+CxMN0TU9QxoOtG4g==",
							"requires": {
								"graceful-fs": "^4.2.0",
								"jsonfile": "^4.0.0",
								"universalify": "^0.1.0"
							}
						},
						"jsonfile": {
							"version": "4.0.0",
							"resolved": "https://registry.npmjs.org/jsonfile/-/jsonfile-4.0.0.tgz",
							"integrity": "sha1-h3Gq4HmbZAdrdmQPygWPnBDjPss=",
							"requires": {
								"graceful-fs": "^4.1.6"
							}
						},
						"universalify": {
							"version": "0.1.2",
							"resolved": "https://registry.npmjs.org/universalify/-/universalify-0.1.2.tgz",
							"integrity": "sha512-rBJeI5CXAlmy1pV+617WB9J63U6XcazHHF2f2dbJix4XzpUF0RS3Zbj0FGIOCAva5P/d/GBOYaACQ1w+0azUkg=="
						}
					}
				},
				"jsonfile": {
					"version": "6.0.1",
					"resolved": "https://registry.npmjs.org/jsonfile/-/jsonfile-6.0.1.tgz",
					"integrity": "sha512-jR2b5v7d2vIOust+w3wtFKZIfpC2pnRmFAhAC/BuweZFQR8qZzxH1OyrQ10HmdVYiXWkYUqPVsz91cG7EL2FBg==",
					"requires": {
						"graceful-fs": "^4.1.6",
						"universalify": "^1.0.0"
					}
				},
				"just-safe-get": {
					"version": "2.0.0",
					"resolved": "https://registry.npmjs.org/just-safe-get/-/just-safe-get-2.0.0.tgz",
					"integrity": "sha512-OBUeNXA7efFIGh0hSLW4nxrOtFWfmjoc3T8B5oixm3b+D7SZN10VKwORUEk4oDeBaR/sqkDMxXb0gE0DRYreEA=="
				},
				"just-safe-set": {
					"version": "2.1.0",
					"resolved": "https://registry.npmjs.org/just-safe-set/-/just-safe-set-2.1.0.tgz",
					"integrity": "sha512-wSTg/2bQpzyivBYbWPqQgafdfxW0tr3hX9qYGDRS2ws+AXwc7tvn8ABqkp8iPQHChjj4F5JvL3t0FQLbcNuKig=="
				},
				"level": {
					"version": "5.0.1",
					"resolved": "https://registry.npmjs.org/level/-/level-5.0.1.tgz",
					"integrity": "sha512-wcak5OQeA4rURGacqS62R/xNHjCYnJSQDBOlm4KNUGJVE9bWv2B04TclqReYejN+oD65PzD4FsqeWoI5wNC5Lg==",
					"requires": {
						"level-js": "^4.0.0",
						"level-packager": "^5.0.0",
						"leveldown": "^5.0.0",
						"opencollective-postinstall": "^2.0.0"
					}
				},
				"level-codec": {
					"version": "9.0.1",
					"resolved": "https://registry.npmjs.org/level-codec/-/level-codec-9.0.1.tgz",
					"integrity": "sha512-ajFP0kJ+nyq4i6kptSM+mAvJKLOg1X5FiFPtLG9M5gCEZyBmgDi3FkDrvlMkEzrUn1cWxtvVmrvoS4ASyO/q+Q=="
				},
				"level-concat-iterator": {
					"version": "2.0.1",
					"resolved": "https://registry.npmjs.org/level-concat-iterator/-/level-concat-iterator-2.0.1.tgz",
					"integrity": "sha512-OTKKOqeav2QWcERMJR7IS9CUo1sHnke2C0gkSmcR7QuEtFNLLzHQAvnMw8ykvEcv0Qtkg0p7FOwP1v9e5Smdcw=="
				},
				"level-errors": {
					"version": "2.0.1",
					"resolved": "https://registry.npmjs.org/level-errors/-/level-errors-2.0.1.tgz",
					"integrity": "sha512-UVprBJXite4gPS+3VznfgDSU8PTRuVX0NXwoWW50KLxd2yw4Y1t2JUR5In1itQnudZqRMT9DlAM3Q//9NCjCFw==",
					"requires": {
						"errno": "~0.1.1"
					}
				},
				"level-iterator-stream": {
					"version": "4.0.2",
					"resolved": "https://registry.npmjs.org/level-iterator-stream/-/level-iterator-stream-4.0.2.tgz",
					"integrity": "sha512-ZSthfEqzGSOMWoUGhTXdX9jv26d32XJuHz/5YnuHZzH6wldfWMOVwI9TBtKcya4BKTyTt3XVA0A3cF3q5CY30Q==",
					"requires": {
						"inherits": "^2.0.4",
						"readable-stream": "^3.4.0",
						"xtend": "^4.0.2"
					}
				},
				"level-js": {
					"version": "4.0.2",
					"resolved": "https://registry.npmjs.org/level-js/-/level-js-4.0.2.tgz",
					"integrity": "sha512-PeGjZsyMG4O89KHiez1zoMJxStnkM+oBIqgACjoo5PJqFiSUUm3GNod/KcbqN5ktyZa8jkG7I1T0P2u6HN9lIg==",
					"requires": {
						"abstract-leveldown": "~6.0.1",
						"immediate": "~3.2.3",
						"inherits": "^2.0.3",
						"ltgt": "^2.1.2",
						"typedarray-to-buffer": "~3.1.5"
					}
				},
				"level-packager": {
					"version": "5.1.1",
					"resolved": "https://registry.npmjs.org/level-packager/-/level-packager-5.1.1.tgz",
					"integrity": "sha512-HMwMaQPlTC1IlcwT3+swhqf/NUO+ZhXVz6TY1zZIIZlIR0YSn8GtAAWmIvKjNY16ZkEg/JcpAuQskxsXqC0yOQ==",
					"requires": {
						"encoding-down": "^6.3.0",
						"levelup": "^4.3.2"
					}
				},
				"level-supports": {
					"version": "1.0.1",
					"resolved": "https://registry.npmjs.org/level-supports/-/level-supports-1.0.1.tgz",
					"integrity": "sha512-rXM7GYnW8gsl1vedTJIbzOrRv85c/2uCMpiiCzO2fndd06U/kUXEEU9evYn4zFggBOg36IsBW8LzqIpETwwQzg==",
					"requires": {
						"xtend": "^4.0.2"
					}
				},
				"leveldown": {
					"version": "5.6.0",
					"resolved": "https://registry.npmjs.org/leveldown/-/leveldown-5.6.0.tgz",
					"integrity": "sha512-iB8O/7Db9lPaITU1aA2txU/cBEXAt4vWwKQRrrWuS6XDgbP4QZGj9BL2aNbwb002atoQ/lIotJkfyzz+ygQnUQ==",
					"requires": {
						"abstract-leveldown": "~6.2.1",
						"napi-macros": "~2.0.0",
						"node-gyp-build": "~4.1.0"
					},
					"dependencies": {
						"abstract-leveldown": {
							"version": "6.2.3",
							"resolved": "https://registry.npmjs.org/abstract-leveldown/-/abstract-leveldown-6.2.3.tgz",
							"integrity": "sha512-BsLm5vFMRUrrLeCcRc+G0t2qOaTzpoJQLOubq2XM72eNpjF5UdU5o/5NvlNhx95XHcAvcl8OMXr4mlg/fRgUXQ==",
							"requires": {
								"buffer": "^5.5.0",
								"immediate": "^3.2.3",
								"level-concat-iterator": "~2.0.0",
								"level-supports": "~1.0.0",
								"xtend": "~4.0.0"
							}
						}
					}
				},
				"levelup": {
					"version": "4.4.0",
					"resolved": "https://registry.npmjs.org/levelup/-/levelup-4.4.0.tgz",
					"integrity": "sha512-94++VFO3qN95cM/d6eBXvd894oJE0w3cInq9USsyQzzoJxmiYzPAocNcuGCPGGjoXqDVJcr3C1jzt1TSjyaiLQ==",
					"requires": {
						"deferred-leveldown": "~5.3.0",
						"level-errors": "~2.0.0",
						"level-iterator-stream": "~4.0.0",
						"level-supports": "~1.0.0",
						"xtend": "~4.0.0"
					}
				},
				"locate-path": {
					"version": "3.0.0",
					"resolved": "https://registry.npmjs.org/locate-path/-/locate-path-3.0.0.tgz",
					"integrity": "sha512-7AO748wWnIhNqAuaty2ZWHkQHRSNfPVIsPIfwEOWO22AmaoVrWavlOcMR5nzTLNYvp36X220/maaRsrec1G65A==",
					"requires": {
						"p-locate": "^3.0.0",
						"path-exists": "^3.0.0"
					}
				},
				"ltgt": {
					"version": "2.2.1",
					"resolved": "https://registry.npmjs.org/ltgt/-/ltgt-2.2.1.tgz",
					"integrity": "sha1-81ypHEk/e3PaDgdJUwTxezH4fuU="
				},
				"merge-options": {
					"version": "2.0.0",
					"resolved": "https://registry.npmjs.org/merge-options/-/merge-options-2.0.0.tgz",
					"integrity": "sha512-S7xYIeWHl2ZUKF7SDeBhGg6rfv5bKxVBdk95s/I7wVF8d+hjLSztJ/B271cnUiF6CAFduEQ5Zn3HYwAjT16DlQ==",
					"requires": {
						"is-plain-obj": "^2.0.0"
					}
				},
				"minimatch": {
					"version": "3.0.4",
					"resolved": "https://registry.npmjs.org/minimatch/-/minimatch-3.0.4.tgz",
					"integrity": "sha512-yJHVQEhyqPLUTgt9B83PXu6W3rx4MvvHvSUvToogpwoGDOUQ+yDrR0HRot+yOCdCO7u4hX3pWft6kWBBcqh0UA==",
					"requires": {
						"brace-expansion": "^1.1.7"
					}
				},
				"mkdirp": {
					"version": "1.0.4",
					"resolved": "https://registry.npmjs.org/mkdirp/-/mkdirp-1.0.4.tgz",
					"integrity": "sha512-vVqVZQyf3WLx2Shd0qJ9xuvqgAyKPLAiqITEtqW0oIUjzo3PePDd6fW9iFz30ef7Ysp/oiWqbhszeGWW2T6Gzw=="
				},
				"ms": {
					"version": "2.1.2",
					"resolved": "https://registry.npmjs.org/ms/-/ms-2.1.2.tgz",
					"integrity": "sha512-sGkPx+VjMtmA6MX27oA4FBFELFCZZ4S4XqeGOXCv68tT+jb3vk/RyaKWP0PTKyWtmLSM0b+adUTEvbs1PEaH2w=="
				},
				"multibase": {
					"version": "0.7.0",
					"resolved": "https://registry.npmjs.org/multibase/-/multibase-0.7.0.tgz",
					"integrity": "sha512-TW8q03O0f6PNFTQDvh3xxH03c8CjGaaYrjkl9UQPG6rz53TQzzxJVCIWVjzcbN/Q5Y53Zd0IBQBMVktVgNx4Fg==",
					"requires": {
						"base-x": "^3.0.8",
						"buffer": "^5.5.0"
					}
				},
				"multicodec": {
					"version": "1.0.1",
					"resolved": "https://registry.npmjs.org/multicodec/-/multicodec-1.0.1.tgz",
					"integrity": "sha512-yrrU/K8zHyAH2B0slNVeq3AiwluflHpgQ3TAzwNJcuO2AoPyXgBT2EDkdbP1D8B/yFOY+S2hDYmFlI1vhVFkQw==",
					"requires": {
						"buffer": "^5.5.0",
						"varint": "^5.0.0"
					}
				},
				"multihashes": {
					"version": "0.4.19",
					"resolved": "https://registry.npmjs.org/multihashes/-/multihashes-0.4.19.tgz",
					"integrity": "sha512-ej74GAfA20imjj00RO5h34aY3pGUFyzn9FJZFWwdeUHlHTkKmv90FrNpvYT4jYf1XXCy5O/5EjVnxTaESgOM6A==",
					"requires": {
						"buffer": "^5.5.0",
						"multibase": "^0.7.0",
						"varint": "^5.0.0"
					}
				},
				"nanoid": {
					"version": "3.1.3",
					"resolved": "https://registry.npmjs.org/nanoid/-/nanoid-3.1.3.tgz",
					"integrity": "sha512-Zw8rTOUfh6FlKgkEbHiB1buOF2zOPOQyGirABUWn+9Z7m9PpyoLVkh6Ksc53vBjndINQ2+9LfRPaHxb/u45EGg=="
				},
				"napi-macros": {
					"version": "2.0.0",
					"resolved": "https://registry.npmjs.org/napi-macros/-/napi-macros-2.0.0.tgz",
					"integrity": "sha512-A0xLykHtARfueITVDernsAWdtIMbOJgKgcluwENp3AlsKN/PloyO10HtmoqnFAQAcxPkgZN7wdfPfEd0zNGxbg=="
				},
				"node-fetch": {
					"version": "2.6.0",
					"resolved": "https://registry.npmjs.org/node-fetch/-/node-fetch-2.6.0.tgz",
					"integrity": "sha512-8dG4H5ujfvFiqDmVu9fQ5bOHUC15JMjMY/Zumv26oOvvVJjM67KF8koCWIabKQ1GJIa9r2mMZscBq/TbdOcmNA=="
				},
				"node-gyp-build": {
					"version": "4.1.1",
					"resolved": "https://registry.npmjs.org/node-gyp-build/-/node-gyp-build-4.1.1.tgz",
					"integrity": "sha512-dSq1xmcPDKPZ2EED2S6zw/b9NKsqzXRE6dVr8TVQnI3FJOTteUMuqF3Qqs6LZg+mLGYJWqQzMbIjMtJqTv87nQ=="
				},
				"once": {
					"version": "1.4.0",
					"resolved": "https://registry.npmjs.org/once/-/once-1.4.0.tgz",
					"integrity": "sha1-WDsap3WWHUsROsF9nFC6753Xa9E=",
					"requires": {
						"wrappy": "1"
					}
				},
				"opencollective-postinstall": {
					"version": "2.0.2",
					"resolved": "https://registry.npmjs.org/opencollective-postinstall/-/opencollective-postinstall-2.0.2.tgz",
					"integrity": "sha512-pVOEP16TrAO2/fjej1IdOyupJY8KDUM1CvsaScRbw6oddvpQoOfGk4ywha0HKKVAD6RkW4x6Q+tNBwhf3Bgpuw=="
				},
				"p-defer": {
					"version": "3.0.0",
					"resolved": "https://registry.npmjs.org/p-defer/-/p-defer-3.0.0.tgz",
					"integrity": "sha512-ugZxsxmtTln604yeYd29EGrNhazN2lywetzpKhfmQjW/VJmhpDmWbiX+h0zL8V91R0UXkhb3KtPmyq9PZw3aYw=="
				},
				"p-finally": {
					"version": "1.0.0",
					"resolved": "https://registry.npmjs.org/p-finally/-/p-finally-1.0.0.tgz",
					"integrity": "sha1-P7z7FbiZpEEjs0ttzBi3JDNqLK4="
				},
				"p-limit": {
					"version": "2.3.0",
					"resolved": "https://registry.npmjs.org/p-limit/-/p-limit-2.3.0.tgz",
					"integrity": "sha512-//88mFWSJx8lxCzwdAABTJL2MyWB12+eIY7MDL2SqLmAkeKU9qxRvWuSyTjm3FUmpBEMuFfckAIqEaVGUDxb6w==",
					"requires": {
						"p-try": "^2.0.0"
					}
				},
				"p-locate": {
					"version": "3.0.0",
					"resolved": "https://registry.npmjs.org/p-locate/-/p-locate-3.0.0.tgz",
					"integrity": "sha512-x+12w/To+4GFfgJhBEpiDcLozRJGegY+Ei7/z0tSLkMmxGZNybVMSfWj9aJn8Z5Fc7dBUNJOOVgPv2H7IwulSQ==",
					"requires": {
						"p-limit": "^2.0.0"
					}
				},
				"p-queue": {
					"version": "6.3.0",
					"resolved": "https://registry.npmjs.org/p-queue/-/p-queue-6.3.0.tgz",
					"integrity": "sha512-fg5dJlFpd5+3CgG3/0ogpVZUeJbjiyXFg0nu53hrOYsybqSiDyxyOpad0Rm6tAiGjgztAwkyvhlYHC53OiAJOA==",
					"requires": {
						"eventemitter3": "^4.0.0",
						"p-timeout": "^3.1.0"
					}
				},
				"p-timeout": {
					"version": "3.2.0",
					"resolved": "https://registry.npmjs.org/p-timeout/-/p-timeout-3.2.0.tgz",
					"integrity": "sha512-rhIwUycgwwKcP9yTOOFK/AKsAopjjCakVqLHePO3CC6Mir1Z99xT+R63jZxAT5lFZLa2inS5h+ZS2GvR99/FBg==",
					"requires": {
						"p-finally": "^1.0.0"
					}
				},
				"p-try": {
					"version": "2.2.0",
					"resolved": "https://registry.npmjs.org/p-try/-/p-try-2.2.0.tgz",
					"integrity": "sha512-R4nPAVTAU0B9D35/Gk3uJf/7XYbQcyohSKdvAxIRSNghFl4e71hVoGnBNQz9cWaXxO2I10KTC+3jMdvvoKw6dQ=="
				},
				"path-exists": {
					"version": "3.0.0",
					"resolved": "https://registry.npmjs.org/path-exists/-/path-exists-3.0.0.tgz",
					"integrity": "sha1-zg6+ql94yxiSXqfYENe1mwEP1RU="
				},
				"path-is-absolute": {
					"version": "1.0.1",
					"resolved": "https://registry.npmjs.org/path-is-absolute/-/path-is-absolute-1.0.1.tgz",
					"integrity": "sha1-F0uSaHNVNP+8es5r9TpanhtcX18="
				},
				"proper-lockfile": {
					"version": "4.1.1",
					"resolved": "https://registry.npmjs.org/proper-lockfile/-/proper-lockfile-4.1.1.tgz",
					"integrity": "sha512-1w6rxXodisVpn7QYvLk706mzprPTAPCYAqxMvctmPN3ekuRk/kuGkGc82pangZiAt4R3lwSuUzheTTn0/Yb7Zg==",
					"requires": {
						"graceful-fs": "^4.1.11",
						"retry": "^0.12.0",
						"signal-exit": "^3.0.2"
					}
				},
				"prr": {
					"version": "1.0.1",
					"resolved": "https://registry.npmjs.org/prr/-/prr-1.0.1.tgz",
					"integrity": "sha1-0/wRS6BplaRexok/SEzrHXj19HY="
				},
				"readable-stream": {
					"version": "3.6.0",
					"resolved": "https://registry.npmjs.org/readable-stream/-/readable-stream-3.6.0.tgz",
					"integrity": "sha512-BViHy7LKeTz4oNnkcLJ+lVSL6vpiFeX6/d3oSH8zCW7UxP2onchk+vTGB143xuFjHS3deTgkKoXXymXqymiIdA==",
					"requires": {
						"inherits": "^2.0.3",
						"string_decoder": "^1.1.1",
						"util-deprecate": "^1.0.1"
					}
				},
				"require-directory": {
					"version": "2.1.1",
					"resolved": "https://registry.npmjs.org/require-directory/-/require-directory-2.1.1.tgz",
					"integrity": "sha1-jGStX9MNqxyXbiNE/+f3kqam30I="
				},
				"require-main-filename": {
					"version": "2.0.0",
					"resolved": "https://registry.npmjs.org/require-main-filename/-/require-main-filename-2.0.0.tgz",
					"integrity": "sha512-NKN5kMDylKuldxYLSUfrbo5Tuzh4hd+2E8NPPX02mZtn1VuREQToYe/ZdlJy+J3uCpfaiGF05e7B8W0iXbQHmg=="
				},
				"retry": {
					"version": "0.12.0",
					"resolved": "https://registry.npmjs.org/retry/-/retry-0.12.0.tgz",
					"integrity": "sha1-G0KmJmoh8HQh0bC1S33BZ7AcATs="
				},
				"safe-buffer": {
					"version": "5.2.0",
					"resolved": "https://registry.npmjs.org/safe-buffer/-/safe-buffer-5.2.0.tgz",
					"integrity": "sha512-fZEwUGbVl7kouZs1jCdMLdt95hdIv0ZeHg6L7qPeciMZhZ+/gdesW4wgTARkrFWEpspjEATAzUGPG8N2jJiwbg=="
				},
				"set-blocking": {
					"version": "2.0.0",
					"resolved": "https://registry.npmjs.org/set-blocking/-/set-blocking-2.0.0.tgz",
					"integrity": "sha1-BF+XgtARrppoA93TgrJDkrPYkPc="
				},
				"signal-exit": {
					"version": "3.0.3",
					"resolved": "https://registry.npmjs.org/signal-exit/-/signal-exit-3.0.3.tgz",
					"integrity": "sha512-VUJ49FC8U1OxwZLxIbTTrDvLnf/6TDgxZcK8wxR8zs13xpx7xbG60ndBlhNrFi2EMuFRoeDoJO7wthSLq42EjA=="
				},
				"sort-keys": {
					"version": "4.0.0",
					"resolved": "https://registry.npmjs.org/sort-keys/-/sort-keys-4.0.0.tgz",
					"integrity": "sha512-hlJLzrn/VN49uyNkZ8+9b+0q9DjmmYcYOnbMQtpkLrYpPwRApDPZfmqbUfJnAA3sb/nRib+nDot7Zi/1ER1fuA==",
					"requires": {
						"is-plain-obj": "^2.0.0"
					}
				},
				"stream-to-it": {
					"version": "0.2.0",
					"resolved": "https://registry.npmjs.org/stream-to-it/-/stream-to-it-0.2.0.tgz",
					"integrity": "sha512-bK/N8LPMc4FgNxXwIRBbJDWg2GYUfnVGH++hTM5SjCHzyPPWYp2ml+wnqaO86+y0SywZDxPAZSNAPP3Wii/QzQ==",
					"requires": {
						"get-iterator": "^1.0.2",
						"p-defer": "^3.0.0"
					}
				},
				"string-width": {
					"version": "3.1.0",
					"resolved": "https://registry.npmjs.org/string-width/-/string-width-3.1.0.tgz",
					"integrity": "sha512-vafcv6KjVZKSgz06oM/H6GDBrAtz8vdhQakGjFIvNrHA6y3HCF1CInLy+QLq8dTJPQ1b+KDUqDFctkdRW44e1w==",
					"requires": {
						"emoji-regex": "^7.0.1",
						"is-fullwidth-code-point": "^2.0.0",
						"strip-ansi": "^5.1.0"
					}
				},
				"string_decoder": {
					"version": "1.3.0",
					"resolved": "https://registry.npmjs.org/string_decoder/-/string_decoder-1.3.0.tgz",
					"integrity": "sha512-hkRX8U1WjJFd8LsDJ2yQ/wWWxaopEsABU1XfkM8A+j0+85JAGppt16cr1Whg6KIbb4okU6Mql6BOj+uup/wKeA==",
					"requires": {
						"safe-buffer": "~5.2.0"
					}
				},
				"strip-ansi": {
					"version": "5.2.0",
					"resolved": "https://registry.npmjs.org/strip-ansi/-/strip-ansi-5.2.0.tgz",
					"integrity": "sha512-DuRs1gKbBqsMKIZlrffwlug8MHkcnpjs5VPmL1PAh+mA30U0DTotfDZ0d2UUsXpPmPmMMJ6W773MaA3J+lbiWA==",
					"requires": {
						"ansi-regex": "^4.1.0"
					}
				},
				"supports-color": {
					"version": "7.1.0",
					"resolved": "https://registry.npmjs.org/supports-color/-/supports-color-7.1.0.tgz",
					"integrity": "sha512-oRSIpR8pxT1Wr2FquTNnGet79b3BWljqOuoW/h4oBhxJ/HUbX5nX6JSruTkvXDCFMwDPvsaTTbvMLKZWSy0R5g==",
					"requires": {
						"has-flag": "^4.0.0"
					}
				},
				"typedarray-to-buffer": {
					"version": "3.1.5",
					"resolved": "https://registry.npmjs.org/typedarray-to-buffer/-/typedarray-to-buffer-3.1.5.tgz",
					"integrity": "sha512-zdu8XMNEDepKKR+XYOXAVPtWui0ly0NtohUscw+UmaHiAWT8hrV1rr//H6V+0DvJ3OQ19S979M0laLfX8rm82Q==",
					"requires": {
						"is-typedarray": "^1.0.0"
					}
				},
				"universalify": {
					"version": "1.0.0",
					"resolved": "https://registry.npmjs.org/universalify/-/universalify-1.0.0.tgz",
					"integrity": "sha512-rb6X1W158d7pRQBg5gkR8uPaSfiids68LTJQYOtEUhoJUWBdaQHsuT/EUduxXYxcrt4r5PJ4fuHW1MHT6p0qug=="
				},
				"util-deprecate": {
					"version": "1.0.2",
					"resolved": "https://registry.npmjs.org/util-deprecate/-/util-deprecate-1.0.2.tgz",
					"integrity": "sha1-RQ1Nyfpw3nMnYvvS1KKJgUGaDM8="
				},
				"varint": {
					"version": "5.0.0",
					"resolved": "https://registry.npmjs.org/varint/-/varint-5.0.0.tgz",
					"integrity": "sha1-2Ca4n3SQcy+rwMDtaT7Uddyynr8="
				},
				"which-module": {
					"version": "2.0.0",
					"resolved": "https://registry.npmjs.org/which-module/-/which-module-2.0.0.tgz",
					"integrity": "sha1-2e8H3Od7mQK4o6j6SzHD4/fm6Ho="
				},
				"wrap-ansi": {
					"version": "5.1.0",
					"resolved": "https://registry.npmjs.org/wrap-ansi/-/wrap-ansi-5.1.0.tgz",
					"integrity": "sha512-QC1/iN/2/RPVJ5jYK8BGttj5z83LmSKmvbvrXPNCLZSEb32KKVDJDl/MOt2N01qU2H/FkzEa9PKto1BqDjtd7Q==",
					"requires": {
						"ansi-styles": "^3.2.0",
						"string-width": "^3.0.0",
						"strip-ansi": "^5.0.0"
					},
					"dependencies": {
						"ansi-styles": {
							"version": "3.2.1",
							"resolved": "https://registry.npmjs.org/ansi-styles/-/ansi-styles-3.2.1.tgz",
							"integrity": "sha512-VT0ZI6kZRdTh8YyJw3SMbYm/u+NqfsAxEpWO0Pf9sq8/e94WxxOpPKx9FR1FlyCtOVDNOQ+8ntlqFxiRc+r5qA==",
							"requires": {
								"color-convert": "^1.9.0"
							}
						},
						"color-convert": {
							"version": "1.9.3",
							"resolved": "https://registry.npmjs.org/color-convert/-/color-convert-1.9.3.tgz",
							"integrity": "sha512-QfAUtd+vFdAtFQcC8CCyYt1fYWxSqAiK2cSD6zDB8N3cpsEBAvRxp9zOGg6G/SHHJYAT88/az/IuDGALsNVbGg==",
							"requires": {
								"color-name": "1.1.3"
							}
						},
						"color-name": {
							"version": "1.1.3",
							"resolved": "https://registry.npmjs.org/color-name/-/color-name-1.1.3.tgz",
							"integrity": "sha1-p9BVi9icQveV3UIyj3QIMcpTvCU="
						}
					}
				},
				"wrappy": {
					"version": "1.0.2",
					"resolved": "https://registry.npmjs.org/wrappy/-/wrappy-1.0.2.tgz",
					"integrity": "sha1-tSQ9jz7BqjXxNkYFvA0QNuMKtp8="
				},
				"xtend": {
					"version": "4.0.2",
					"resolved": "https://registry.npmjs.org/xtend/-/xtend-4.0.2.tgz",
					"integrity": "sha512-LKYU1iAXJXUgAXn9URjiu+MWhyUXHsvfp7mcuYm9dSUKK0/CjtrUwFAxD82/mCWbtLsGjFIad0wIsod4zrTAEQ=="
				},
				"y18n": {
					"version": "4.0.0",
					"resolved": "https://registry.npmjs.org/y18n/-/y18n-4.0.0.tgz",
					"integrity": "sha512-r9S/ZyXu/Xu9q1tYlpsLIsa3EeLXXk0VwlxqTcFRfg9EhMW+17kbt9G0NrgCmhGb5vT2hyhJZLfDGx+7+5Uj/w=="
				},
				"yargs": {
					"version": "14.2.3",
					"resolved": "https://registry.npmjs.org/yargs/-/yargs-14.2.3.tgz",
					"integrity": "sha512-ZbotRWhF+lkjijC/VhmOT9wSgyBQ7+zr13+YLkhfsSiTriYsMzkTUFP18pFhWwBeMa5gUc1MzbhrO6/VB7c9Xg==",
					"requires": {
						"cliui": "^5.0.0",
						"decamelize": "^1.2.0",
						"find-up": "^3.0.0",
						"get-caller-file": "^2.0.1",
						"require-directory": "^2.1.1",
						"require-main-filename": "^2.0.0",
						"set-blocking": "^2.0.0",
						"string-width": "^3.0.0",
						"which-module": "^2.0.0",
						"y18n": "^4.0.0",
						"yargs-parser": "^15.0.1"
					}
				},
				"yargs-parser": {
					"version": "15.0.1",
					"resolved": "https://registry.npmjs.org/yargs-parser/-/yargs-parser-15.0.1.tgz",
					"integrity": "sha512-0OAMV2mAZQrs3FkNpDQcBk1x5HXb8X4twADss4S0Iuk+2dGnLOE/fRHrsYm542GduMveyA77OF4wrNJuanRCWw==",
					"requires": {
						"camelcase": "^5.0.0",
						"decamelize": "^1.2.0"
					}
				},
				"yargs-promise": {
					"version": "1.1.0",
					"resolved": "https://registry.npmjs.org/yargs-promise/-/yargs-promise-1.1.0.tgz",
					"integrity": "sha1-l+u1GY33NLs7EXRRM65bUBsWqx8="
				}
			}
		}
	}
}
