{
	"name": "example-circuit-relaying",
	"version": "1.0.0",
	"lockfileVersion": 1,
	"requires": true,
	"dependencies": {
		"ipfs-css": {
			"version": "0.13.1",
			"resolved": "https://registry.npmjs.org/ipfs-css/-/ipfs-css-0.13.1.tgz",
			"integrity": "sha512-hofJSYVBE3VC3/MOYZKfF66SKuHgnYkhXUmPDS8PISI8ygcljGOyBSSU4Je3dfgZX5UHDBEnzq5XyrTU822EDg==",
			"dev": true
		},
		"tachyons": {
			"version": "4.11.1",
			"resolved": "https://registry.npmjs.org/tachyons/-/tachyons-4.11.1.tgz",
			"integrity": "sha512-n5zIZ8i8kZ8vz05vX1BdvkP8b9ufsMeSRmdqTuUtz5rlNxr03nntiZMc/HTADIsPYZj/wZJDJglxV0/yvvaiZA==",
			"dev": true
		}
	}
}
