{
	"name": "example-browser-create-react-app",
	"requires": true,
	"lockfileVersion": 1,
	"dependencies": {
		"ipfs-css": {
			"version": "0.13.1",
			"resolved": "https://registry.npmjs.org/ipfs-css/-/ipfs-css-0.13.1.tgz",
			"integrity": "sha512-hofJSYVBE3VC3/MOYZKfF66SKuHgnYkhXUmPDS8PISI8ygcljGOyBSSU4Je3dfgZX5UHDBEnzq5XyrTU822EDg=="
		},
		"tachyons": {
			"version": "4.12.0",
			"resolved": "https://registry.npmjs.org/tachyons/-/tachyons-4.12.0.tgz",
			"integrity": "sha512-2nA2IrYFy3raCM9fxJ2KODRGHVSZNTW3BR0YnlGsLUf1DA3pk3YfWZ/DdfbnZK6zLZS+jUenlUGJsKcA5fUiZg=="
		}
	}
}
