{
	"name": "ipfs-http-client",
	"version": "43.0.0",
	"lockfileVersion": 1,
	"requires": true,
	"dependencies": {
		"iso-url": {
			"version": "0.4.7",
			"resolved": "https://registry.npmjs.org/iso-url/-/iso-url-0.4.7.tgz",
			"integrity": "sha512-27fFRDnPAMnHGLq36bWTpKET+eiXct3ENlCcdcMdk+mjXrb2kw3mhBUg1B7ewAC0kVzlOPhADzQgz1SE6Tglog=="
		}
	}
}
