{
  "name": "ipfs-http-client",
  "version": "42.0.0",
  "lockfileVersion": 1,
  "requires": true,
  "dependencies": {
    "base-x": {
      "version": "3.0.8",
      "resolved": "https://registry.npmjs.org/base-x/-/base-x-3.0.8.tgz",
      "integrity": "sha512-Rl/1AWP4J/zRrk54hhlxH4drNxPJXYUaKffODVI53/dAsV4t9fBxyxYKAVPU1XBHxYwOWP9h9H0hM2MVw4YfJA==",
      "requires": {
        "safe-buffer": "^5.0.1"
      }
    },
    "base64-js": {
      "version": "1.3.1",
      "resolved": "https://registry.npmjs.org/base64-js/-/base64-js-1.3.1.tgz",
      "integrity": "sha512-mLQ4i2QO1ytvGWFWmcngKO//JXAQueZvwEKtjgQFM4jIK0kU+ytMfplL8j+n5mspOfjHwoAg+9yhb7BwAHm36g=="
    },
    "err-code": {
      "version": "2.0.0",
      "resolved": "https://registry.npmjs.org/err-code/-/err-code-2.0.0.tgz",
      "integrity": "sha512-MsMOijQ4v0xlmrz1fc7lyPEy7jFhoNF7EVaRSP7mPzs20LaFOwG6qNjGRy3Ie85n9DARlcUnB1zbsBv5sJrIvw=="
    },
    "ieee754": {
      "version": "1.1.13",
      "resolved": "https://registry.npmjs.org/ieee754/-/ieee754-1.1.13.tgz",
      "integrity": "sha512-4vf7I2LYV/HaWerSo3XmlMkp5eZ83i+/CDluXi/IGTs/O1sejBNhTtnxzmRZfvOUqj7lZjqHkeTvpgSFDlWZTg=="
    },
    "ipld-dag-pb": {
      "version": "github:ipld/js-ipld-dag-pb#5199bc444dc680ac319b0e4421f8d16e30652e63",
      "from": "github:ipld/js-ipld-dag-pb#fix/remove-node-globals",
      "requires": {
        "buffer": "^5.5.0",
        "cids": "~0.8.0",
        "class-is": "^1.1.0",
        "multicodec": "^1.0.0",
        "multihashing-async": "~0.8.0",
        "protons": "^1.1.0",
        "stable": "~0.1.8"
      },
      "dependencies": {
        "blakejs": {
          "version": "1.1.0",
          "resolved": "https://registry.npmjs.org/blakejs/-/blakejs-1.1.0.tgz",
          "integrity": "sha1-ad+S75U6qIylGjLfarHFShVfx6U="
        },
        "buffer": {
          "version": "5.5.0",
          "resolved": "https://registry.npmjs.org/buffer/-/buffer-5.5.0.tgz",
          "integrity": "sha512-9FTEDjLjwoAkEwyMGDjYJQN2gfRgOKBKRfiglhvibGbpeeU/pQn1bJxQqm32OD/AIeEuHxU9roxXxg34Byp/Ww==",
          "requires": {
            "base64-js": "^1.0.2",
            "ieee754": "^1.1.4"
          }
        },
        "cids": {
          "version": "0.8.0",
          "resolved": "https://registry.npmjs.org/cids/-/cids-0.8.0.tgz",
          "integrity": "sha512-HdKURxtSOnww3H28CJU2TauIklEBsOn+ouGl2EOnSfVCVkH6+sWTj7to2D/BmuWvwzEy2+ZIKdcIwsXHJBQVew==",
          "requires": {
            "buffer": "^5.5.0",
            "class-is": "^1.1.0",
            "multibase": "~0.7.0",
            "multicodec": "^1.0.1",
            "multihashes": "~0.4.17"
          }
        },
        "class-is": {
          "version": "1.1.0",
          "resolved": "https://registry.npmjs.org/class-is/-/class-is-1.1.0.tgz",
          "integrity": "sha512-rhjH9AG1fvabIDoGRVH587413LPjTZgmDF9fOFCbFJQV4yuocX1mHxxvXI4g3cGwbVY9wAYIoKlg1N79frJKQw=="
        },
        "js-sha3": {
          "version": "0.8.0",
          "resolved": "https://registry.npmjs.org/js-sha3/-/js-sha3-0.8.0.tgz",
          "integrity": "sha512-gF1cRrHhIzNfToc802P800N8PpXS+evLLXfsVpowqmAFR9uwbi89WvXg2QspOmXL8QL86J4T1EpFu+yUkwJY3Q=="
        },
        "multibase": {
          "version": "0.7.0",
          "resolved": "https://registry.npmjs.org/multibase/-/multibase-0.7.0.tgz",
          "integrity": "sha512-TW8q03O0f6PNFTQDvh3xxH03c8CjGaaYrjkl9UQPG6rz53TQzzxJVCIWVjzcbN/Q5Y53Zd0IBQBMVktVgNx4Fg==",
          "requires": {
            "base-x": "^3.0.8",
            "buffer": "^5.5.0"
          }
        },
        "multicodec": {
          "version": "1.0.1",
          "resolved": "https://registry.npmjs.org/multicodec/-/multicodec-1.0.1.tgz",
          "integrity": "sha512-yrrU/K8zHyAH2B0slNVeq3AiwluflHpgQ3TAzwNJcuO2AoPyXgBT2EDkdbP1D8B/yFOY+S2hDYmFlI1vhVFkQw==",
          "requires": {
            "buffer": "^5.5.0",
            "varint": "^5.0.0"
          }
        },
        "multihashing-async": {
          "version": "0.8.1",
          "resolved": "https://registry.npmjs.org/multihashing-async/-/multihashing-async-0.8.1.tgz",
          "integrity": "sha512-qu3eIXHebc9a4OU4n/60BdZLFpX+/dGBs3DbzXCxX1aU0rFF19KQAiGl+sRL9wvKIJdeF2+w16RRJrpyTHpkkA==",
          "requires": {
            "blakejs": "^1.1.0",
            "buffer": "^5.4.3",
            "err-code": "^2.0.0",
            "js-sha3": "~0.8.0",
            "multihashes": "~0.4.15",
            "murmurhash3js-revisited": "^3.0.0"
          }
        },
        "murmurhash3js-revisited": {
          "version": "3.0.0",
          "resolved": "https://registry.npmjs.org/murmurhash3js-revisited/-/murmurhash3js-revisited-3.0.0.tgz",
          "integrity": "sha512-/sF3ee6zvScXMb1XFJ8gDsSnY+X8PbOyjIuBhtgis10W2Jx4ZjIhikUCIF9c4gpJxVnQIsPAFrSwTCuAjicP6g=="
        },
        "protocol-buffers-schema": {
          "version": "3.4.0",
          "resolved": "https://registry.npmjs.org/protocol-buffers-schema/-/protocol-buffers-schema-3.4.0.tgz",
          "integrity": "sha512-G/2kcamPF2S49W5yaMGdIpkG6+5wZF0fzBteLKgEHjbNzqjZQ85aAs1iJGto31EJaSTkNvHs5IXuHSaTLWBAiA=="
        },
        "protons": {
          "version": "1.1.0",
          "resolved": "https://registry.npmjs.org/protons/-/protons-1.1.0.tgz",
          "integrity": "sha512-rxf3et88VGRJkXIcDK1nemQM9OpnKsRVuZW+vkJLRmytA6530hQ+k/r2DpclNJCYF+xUl2MXsvRsK+MJgcbfEg==",
          "requires": {
            "protocol-buffers-schema": "^3.3.1",
            "safe-buffer": "^5.1.1",
            "signed-varint": "^2.0.1",
            "varint": "^5.0.0"
          }
        },
        "signed-varint": {
          "version": "2.0.1",
          "resolved": "https://registry.npmjs.org/signed-varint/-/signed-varint-2.0.1.tgz",
          "integrity": "sha1-UKmYnafJjCxh2tEZvJdHDvhSgSk=",
          "requires": {
            "varint": "~5.0.0"
          }
        },
        "stable": {
          "version": "0.1.8",
          "resolved": "https://registry.npmjs.org/stable/-/stable-0.1.8.tgz",
          "integrity": "sha512-ji9qxRnOVfcuLDySj9qzhGSEFVobyt1kIOSkj1qZzYLzq7Tos/oUUWvotUPQLlrsidqsK6tBH89Bc9kL5zHA6w=="
        }
      }
    },
    "multihashes": {
      "version": "0.4.18",
      "resolved": "https://registry.npmjs.org/multihashes/-/multihashes-0.4.18.tgz",
      "integrity": "sha512-dympBU0caCOiU7Lnun/8N9Y1Oo/j/5LW5u9kDyMyBKTnPpYzGesyWwF8tK96inUoXoj/VRpYnl0sh+yh9xUaWQ==",
      "requires": {
        "buffer": "^5.5.0",
        "multibase": "^0.7.0",
        "varint": "^5.0.0"
      },
      "dependencies": {
        "buffer": {
          "version": "5.5.0",
          "resolved": "https://registry.npmjs.org/buffer/-/buffer-5.5.0.tgz",
          "integrity": "sha512-9FTEDjLjwoAkEwyMGDjYJQN2gfRgOKBKRfiglhvibGbpeeU/pQn1bJxQqm32OD/AIeEuHxU9roxXxg34Byp/Ww==",
          "requires": {
            "base64-js": "^1.0.2",
            "ieee754": "^1.1.4"
          }
        },
        "multibase": {
          "version": "0.7.0",
          "resolved": "https://registry.npmjs.org/multibase/-/multibase-0.7.0.tgz",
          "integrity": "sha512-TW8q03O0f6PNFTQDvh3xxH03c8CjGaaYrjkl9UQPG6rz53TQzzxJVCIWVjzcbN/Q5Y53Zd0IBQBMVktVgNx4Fg==",
          "requires": {
            "base-x": "^3.0.8",
            "buffer": "^5.5.0"
          }
        }
      }
    },
    "safe-buffer": {
      "version": "5.2.0",
      "resolved": "https://registry.npmjs.org/safe-buffer/-/safe-buffer-5.2.0.tgz",
      "integrity": "sha512-fZEwUGbVl7kouZs1jCdMLdt95hdIv0ZeHg6L7qPeciMZhZ+/gdesW4wgTARkrFWEpspjEATAzUGPG8N2jJiwbg=="
    },
    "varint": {
      "version": "5.0.0",
      "resolved": "https://registry.npmjs.org/varint/-/varint-5.0.0.tgz",
      "integrity": "sha1-2Ca4n3SQcy+rwMDtaT7Uddyynr8="
    }
  }
}
