{
	"name": "interface-ipfs-core",
	"version": "0.133.0",
	"lockfileVersion": 1,
	"requires": true,
	"dependencies": {
		"chai-subset": {
			"version": "1.6.0",
			"resolved": "https://registry.npmjs.org/chai-subset/-/chai-subset-1.6.0.tgz",
			"integrity": "sha1-pdDKFOMpp5WW7XAFi2ZGvWmIz+k=",
			"dev": true
		},
		"graceful-fs": {
			"version": "4.2.3",
			"resolved": "https://registry.npmjs.org/graceful-fs/-/graceful-fs-4.2.3.tgz",
			"integrity": "sha512-a30VEBm4PEdx1dRB7MFK7BejejvCvBronbLjht+sHuGYj8PHs7M/5Z+rt5lw551vZ7yfTCj4Vuyy3mSJytDWRQ=="
		},
		"ipfs-block": {
			"version": "0.8.1",
			"resolved": "https://registry.npmjs.org/ipfs-block/-/ipfs-block-0.8.1.tgz",
			"integrity": "sha512-0FaCpmij+jZBoUYhjoB5ptjdl9QzvrdRIoBmUU5JiBnK2GA+4YM/ifklaB8ePRhA/rRzhd+KYBjvMFMAL4NrVQ==",
			"requires": {
				"cids": "~0.7.0",
				"class-is": "^1.1.0"
			},
			"dependencies": {
				"base-x": {
					"version": "3.0.4",
					"resolved": "https://registry.npmjs.org/base-x/-/base-x-3.0.4.tgz",
					"integrity": "sha512-UYOadoSIkEI/VrRGSG6qp93rp2WdokiAiNYDfGW5qURAY8GiAQkvMbwNNSDYiVJopqv4gCna7xqf4rrNGp+5AA==",
					"requires": {
						"safe-buffer": "^5.0.1"
					}
				},
				"bs58": {
					"version": "4.0.1",
					"resolved": "https://registry.npmjs.org/bs58/-/bs58-4.0.1.tgz",
					"integrity": "sha1-vhYedsNU9veIrkBx9j806MTwpCo=",
					"requires": {
						"base-x": "^3.0.2"
					}
				},
				"cids": {
					"version": "0.7.3",
					"resolved": "https://registry.npmjs.org/cids/-/cids-0.7.3.tgz",
					"integrity": "sha512-V0xa0oFIH1GGsGE4vaTsAgiTkrZw3wUVOTAVN/oZU8ptW6oaz4cOdFbqRv+tbienIZq5bG2ok0CRKfUurUtFnA==",
					"requires": {
						"class-is": "^1.1.0",
						"multibase": "~0.6.0",
						"multicodec": "^1.0.0",
						"multihashes": "~0.4.15"
					}
				},
				"class-is": {
					"version": "1.1.0",
					"resolved": "https://registry.npmjs.org/class-is/-/class-is-1.1.0.tgz",
					"integrity": "sha512-rhjH9AG1fvabIDoGRVH587413LPjTZgmDF9fOFCbFJQV4yuocX1mHxxvXI4g3cGwbVY9wAYIoKlg1N79frJKQw=="
				},
				"multibase": {
					"version": "0.6.0",
					"resolved": "https://registry.npmjs.org/multibase/-/multibase-0.6.0.tgz",
					"integrity": "sha512-R9bNLQhbD7MsitPm1NeY7w9sDgu6d7cuj25snAWH7k5PSNPSwIQQBpcpj8jx1W96dLbdigZqmUWOdQRMnAmgjA==",
					"requires": {
						"base-x": "3.0.4"
					}
				},
				"multicodec": {
					"version": "1.0.0",
					"resolved": "https://registry.npmjs.org/multicodec/-/multicodec-1.0.0.tgz",
					"integrity": "sha512-CBiLdYcMnVnkN/2kL4AaUH3betYXQGKV5CCmN2CfgHUt5xROtsj91w780ltX6Wy7frgc6en8md3h2UQl6jDXAg==",
					"requires": {
						"varint": "^5.0.0"
					}
				},
				"multihashes": {
					"version": "0.4.15",
					"resolved": "https://registry.npmjs.org/multihashes/-/multihashes-0.4.15.tgz",
					"integrity": "sha512-G/Smj1GWqw1RQP3dRuRRPe3oyLqvPqUaEDIaoi7JF7Loxl4WAWvhJNk84oyDEodSucv0MmSW/ZT0RKUrsIFD3g==",
					"requires": {
						"bs58": "^4.0.1",
						"varint": "^5.0.0"
					}
				},
				"safe-buffer": {
					"version": "5.2.0",
					"resolved": "https://registry.npmjs.org/safe-buffer/-/safe-buffer-5.2.0.tgz",
					"integrity": "sha512-fZEwUGbVl7kouZs1jCdMLdt95hdIv0ZeHg6L7qPeciMZhZ+/gdesW4wgTARkrFWEpspjEATAzUGPG8N2jJiwbg=="
				},
				"varint": {
					"version": "5.0.0",
					"resolved": "https://registry.npmjs.org/varint/-/varint-5.0.0.tgz",
					"integrity": "sha1-2Ca4n3SQcy+rwMDtaT7Uddyynr8="
				}
			}
		},
		"is-stream": {
			"version": "2.0.0",
			"resolved": "https://registry.npmjs.org/is-stream/-/is-stream-2.0.0.tgz",
			"integrity": "sha512-XCoy+WlUr7d1+Z8GgSuXmpuUFC9fOhRXglJMx+dwLKTkL44Cjd4W1Z5P+BQZpr+cR93aGP4S/s7Ftw6Nd/kiEw=="
		},
		"make-dir": {
			"version": "3.0.2",
			"resolved": "https://registry.npmjs.org/make-dir/-/make-dir-3.0.2.tgz",
			"integrity": "sha512-rYKABKutXa6vXTXhoV18cBE7PaewPXHe/Bdq4v+ZLMhxbWApkFFplT0LcbMW+6BbjnQXzZ/sAvSE/JdguApG5w==",
			"requires": {
				"semver": "^6.0.0"
			}
		},
		"semver": {
			"version": "6.3.0",
			"resolved": "https://registry.npmjs.org/semver/-/semver-6.3.0.tgz",
			"integrity": "sha512-b39TBaTSfV6yBrapU89p5fKekE2m/NwnDocOVruQFS1/veMgdzuPcnOM34M6CwxW8jH/lxEa5rBoDeUwu5HHTw=="
		},
		"temp-dir": {
			"version": "1.0.0",
			"resolved": "https://registry.npmjs.org/temp-dir/-/temp-dir-1.0.0.tgz",
			"integrity": "sha1-CnwOom06Oa+n4OvqnB/AvE2qAR0="
		},
		"temp-write": {
			"version": "4.0.0",
			"resolved": "https://registry.npmjs.org/temp-write/-/temp-write-4.0.0.tgz",
			"integrity": "sha512-HIeWmj77uOOHb0QX7siN3OtwV3CTntquin6TNVg6SHOqCP3hYKmox90eeFOGaY1MqJ9WYDDjkyZrW6qS5AWpbw==",
			"requires": {
				"graceful-fs": "^4.1.15",
				"is-stream": "^2.0.0",
				"make-dir": "^3.0.0",
				"temp-dir": "^1.0.0",
				"uuid": "^3.3.2"
			}
		},
		"uuid": {
			"version": "3.4.0",
			"resolved": "https://registry.npmjs.org/uuid/-/uuid-3.4.0.tgz",
			"integrity": "sha512-HjSDRw6gZE5JMggctHBcjVak08+KEVhSIiDzFnT9S9aegmp85S/bReBVTb4QTFaRNptJ9kuYaNhnbNEOkbKb/A=="
		}
	}
}
