{
	"name": "interface-ipfs-core",
	"version": "0.134.3",
	"lockfileVersion": 1,
	"requires": true,
	"dependencies": {
		"ipfs-utils": {
			"version": "2.2.2",
			"resolved": "https://registry.npmjs.org/ipfs-utils/-/ipfs-utils-2.2.2.tgz",
			"integrity": "sha512-Urn88nHGtCWwF9J4+f3ztBTEdXK9kiyg/bq2l4zhMn1BZhsNQZiJeP4HP+dxl8TSOIbRDebu8WatX9w2t/46mg==",
			"requires": {
				"abort-controller": "^3.0.0",
				"any-signal": "^1.1.0",
				"buffer": "^5.4.2",
				"err-code": "^2.0.0",
				"fs-extra": "^9.0.0",
				"is-electron": "^2.2.0",
				"iso-url": "^0.4.7",
				"it-glob": "0.0.7",
				"merge-options": "^2.0.0",
				"nanoid": "^3.1.3",
				"node-fetch": "^2.6.0",
				"stream-to-it": "^0.2.0"
			},
			"dependencies": {
				"abort-controller": {
					"version": "3.0.0",
					"resolved": "https://registry.npmjs.org/abort-controller/-/abort-controller-3.0.0.tgz",
					"integrity": "sha512-h8lQ8tacZYnR3vNQTgibj+tODHI5/+l06Au2Pcriv/Gmet0eaj4TwWH41sO9wnHDiQsEj19q0drzdWdeAHtweg==",
					"requires": {
						"event-target-shim": "^5.0.0"
					}
				},
				"any-signal": {
					"version": "1.1.0",
					"resolved": "https://registry.npmjs.org/any-signal/-/any-signal-1.1.0.tgz",
					"integrity": "sha512-mtwqpy58ys+/dRdH5Z8VArUluVrfz9/5BXo8tvSZ9kcQr3k9yyOPnGrYCBJQfcC5IlMrr63kDBlf5GyQCFn+Fw==",
					"requires": {
						"abort-controller": "^3.0.0"
					}
				},
				"at-least-node": {
					"version": "1.0.0",
					"resolved": "https://registry.npmjs.org/at-least-node/-/at-least-node-1.0.0.tgz",
					"integrity": "sha512-+q/t7Ekv1EDY2l6Gda6LLiX14rU9TV20Wa3ofeQmwPFZbOMo9DXrLbOjFaaclkXKWidIaopwAObQDqwWtGUjqg=="
				},
				"balanced-match": {
					"version": "1.0.0",
					"resolved": "https://registry.npmjs.org/balanced-match/-/balanced-match-1.0.0.tgz",
					"integrity": "sha1-ibTRmasr7kneFk6gK4nORi1xt2c="
				},
				"base64-js": {
					"version": "1.3.1",
					"resolved": "https://registry.npmjs.org/base64-js/-/base64-js-1.3.1.tgz",
					"integrity": "sha512-mLQ4i2QO1ytvGWFWmcngKO//JXAQueZvwEKtjgQFM4jIK0kU+ytMfplL8j+n5mspOfjHwoAg+9yhb7BwAHm36g=="
				},
				"brace-expansion": {
					"version": "1.1.11",
					"resolved": "https://registry.npmjs.org/brace-expansion/-/brace-expansion-1.1.11.tgz",
					"integrity": "sha512-iCuPHDFgrHX7H2vEI/5xpz07zSHB00TpugqhmYtVmMO6518mCuRMoOYFldEBl0g187ufozdaHgWKcYFb61qGiA==",
					"requires": {
						"balanced-match": "^1.0.0",
						"concat-map": "0.0.1"
					}
				},
				"buffer": {
					"version": "5.6.0",
					"resolved": "https://registry.npmjs.org/buffer/-/buffer-5.6.0.tgz",
					"integrity": "sha512-/gDYp/UtU0eA1ys8bOs9J6a+E/KWIY+DZ+Q2WESNUA0jFRsJOc0SNUO6xJ5SGA1xueg3NL65W6s+NY5l9cunuw==",
					"requires": {
						"base64-js": "^1.0.2",
						"ieee754": "^1.1.4"
					}
				},
				"concat-map": {
					"version": "0.0.1",
					"resolved": "https://registry.npmjs.org/concat-map/-/concat-map-0.0.1.tgz",
					"integrity": "sha1-2Klr13/Wjfd5OnMDajug1UBdR3s="
				},
				"err-code": {
					"version": "2.0.0",
					"resolved": "https://registry.npmjs.org/err-code/-/err-code-2.0.0.tgz",
					"integrity": "sha512-MsMOijQ4v0xlmrz1fc7lyPEy7jFhoNF7EVaRSP7mPzs20LaFOwG6qNjGRy3Ie85n9DARlcUnB1zbsBv5sJrIvw=="
				},
				"event-target-shim": {
					"version": "5.0.1",
					"resolved": "https://registry.npmjs.org/event-target-shim/-/event-target-shim-5.0.1.tgz",
					"integrity": "sha512-i/2XbnSz/uxRCU6+NdVJgKWDTM427+MqYbkQzD321DuCQJUqOuJKIA0IM2+W2xtYHdKOmZ4dR6fExsd4SXL+WQ=="
				},
				"fs-extra": {
					"version": "9.0.0",
					"resolved": "https://registry.npmjs.org/fs-extra/-/fs-extra-9.0.0.tgz",
					"integrity": "sha512-pmEYSk3vYsG/bF651KPUXZ+hvjpgWYw/Gc7W9NFUe3ZVLczKKWIij3IKpOrQcdw4TILtibFslZ0UmR8Vvzig4g==",
					"requires": {
						"at-least-node": "^1.0.0",
						"graceful-fs": "^4.2.0",
						"jsonfile": "^6.0.1",
						"universalify": "^1.0.0"
					}
				},
				"get-iterator": {
					"version": "1.0.2",
					"resolved": "https://registry.npmjs.org/get-iterator/-/get-iterator-1.0.2.tgz",
					"integrity": "sha512-v+dm9bNVfOYsY1OrhaCrmyOcYoSeVvbt+hHZ0Au+T+p1y+0Uyj9aMaGIeUTT6xdpRbWzDeYKvfOslPhggQMcsg=="
				},
				"graceful-fs": {
					"version": "4.2.4",
					"resolved": "https://registry.npmjs.org/graceful-fs/-/graceful-fs-4.2.4.tgz",
					"integrity": "sha512-WjKPNJF79dtJAVniUlGGWHYGz2jWxT6VhN/4m1NdkbZ2nOsEF+cI1Edgql5zCRhs/VsQYRvrXctxktVXZUkixw=="
				},
				"ieee754": {
					"version": "1.1.13",
					"resolved": "https://registry.npmjs.org/ieee754/-/ieee754-1.1.13.tgz",
					"integrity": "sha512-4vf7I2LYV/HaWerSo3XmlMkp5eZ83i+/CDluXi/IGTs/O1sejBNhTtnxzmRZfvOUqj7lZjqHkeTvpgSFDlWZTg=="
				},
				"is-electron": {
					"version": "2.2.0",
					"resolved": "https://registry.npmjs.org/is-electron/-/is-electron-2.2.0.tgz",
					"integrity": "sha512-SpMppC2XR3YdxSzczXReBjqs2zGscWQpBIKqwXYBFic0ERaxNVgwLCHwOLZeESfdJQjX0RDvrJ1lBXX2ij+G1Q=="
				},
				"is-plain-obj": {
					"version": "2.1.0",
					"resolved": "https://registry.npmjs.org/is-plain-obj/-/is-plain-obj-2.1.0.tgz",
					"integrity": "sha512-YWnfyRwxL/+SsrWYfOpUtz5b3YD+nyfkHvjbcanzk8zgyO4ASD67uVMRt8k5bM4lLMDnXfriRhOpemw+NfT1eA=="
				},
				"iso-url": {
					"version": "0.4.7",
					"resolved": "https://registry.npmjs.org/iso-url/-/iso-url-0.4.7.tgz",
					"integrity": "sha512-27fFRDnPAMnHGLq36bWTpKET+eiXct3ENlCcdcMdk+mjXrb2kw3mhBUg1B7ewAC0kVzlOPhADzQgz1SE6Tglog=="
				},
				"it-glob": {
					"version": "0.0.7",
					"resolved": "https://registry.npmjs.org/it-glob/-/it-glob-0.0.7.tgz",
					"integrity": "sha512-XfbziJs4fi0MfdEGTLkZXeqo2EorF2baFXxFn1E2dGbgYMhFTZlZ2Yn/mx5CkpuLWVJvO1DwtTOVW2mzRyVK8w==",
					"requires": {
						"fs-extra": "^8.1.0",
						"minimatch": "^3.0.4"
					},
					"dependencies": {
						"fs-extra": {
							"version": "8.1.0",
							"resolved": "https://registry.npmjs.org/fs-extra/-/fs-extra-8.1.0.tgz",
							"integrity": "sha512-yhlQgA6mnOJUKOsRUFsgJdQCvkKhcz8tlZG5HBQfReYZy46OwLcY+Zia0mtdHsOo9y/hP+CxMN0TU9QxoOtG4g==",
							"requires": {
								"graceful-fs": "^4.2.0",
								"jsonfile": "^4.0.0",
								"universalify": "^0.1.0"
							}
						},
						"jsonfile": {
							"version": "4.0.0",
							"resolved": "https://registry.npmjs.org/jsonfile/-/jsonfile-4.0.0.tgz",
							"integrity": "sha1-h3Gq4HmbZAdrdmQPygWPnBDjPss=",
							"requires": {
								"graceful-fs": "^4.1.6"
							}
						},
						"universalify": {
							"version": "0.1.2",
							"resolved": "https://registry.npmjs.org/universalify/-/universalify-0.1.2.tgz",
							"integrity": "sha512-rBJeI5CXAlmy1pV+617WB9J63U6XcazHHF2f2dbJix4XzpUF0RS3Zbj0FGIOCAva5P/d/GBOYaACQ1w+0azUkg=="
						}
					}
				},
				"jsonfile": {
					"version": "6.0.1",
					"resolved": "https://registry.npmjs.org/jsonfile/-/jsonfile-6.0.1.tgz",
					"integrity": "sha512-jR2b5v7d2vIOust+w3wtFKZIfpC2pnRmFAhAC/BuweZFQR8qZzxH1OyrQ10HmdVYiXWkYUqPVsz91cG7EL2FBg==",
					"requires": {
						"graceful-fs": "^4.1.6",
						"universalify": "^1.0.0"
					}
				},
				"merge-options": {
					"version": "2.0.0",
					"resolved": "https://registry.npmjs.org/merge-options/-/merge-options-2.0.0.tgz",
					"integrity": "sha512-S7xYIeWHl2ZUKF7SDeBhGg6rfv5bKxVBdk95s/I7wVF8d+hjLSztJ/B271cnUiF6CAFduEQ5Zn3HYwAjT16DlQ==",
					"requires": {
						"is-plain-obj": "^2.0.0"
					}
				},
				"minimatch": {
					"version": "3.0.4",
					"resolved": "https://registry.npmjs.org/minimatch/-/minimatch-3.0.4.tgz",
					"integrity": "sha512-yJHVQEhyqPLUTgt9B83PXu6W3rx4MvvHvSUvToogpwoGDOUQ+yDrR0HRot+yOCdCO7u4hX3pWft6kWBBcqh0UA==",
					"requires": {
						"brace-expansion": "^1.1.7"
					}
				},
				"nanoid": {
					"version": "3.1.5",
					"resolved": "https://registry.npmjs.org/nanoid/-/nanoid-3.1.5.tgz",
					"integrity": "sha512-77yYm8wPy8igTpUQv9fA0VzEb5Ohxt5naC3zTK1oAb+u1MiyITtx0jpYrYRFfgJlefwJy2SkCaojZvxSYq6toA=="
				},
				"node-fetch": {
					"version": "2.6.0",
					"resolved": "https://registry.npmjs.org/node-fetch/-/node-fetch-2.6.0.tgz",
					"integrity": "sha512-8dG4H5ujfvFiqDmVu9fQ5bOHUC15JMjMY/Zumv26oOvvVJjM67KF8koCWIabKQ1GJIa9r2mMZscBq/TbdOcmNA=="
				},
				"p-defer": {
					"version": "3.0.0",
					"resolved": "https://registry.npmjs.org/p-defer/-/p-defer-3.0.0.tgz",
					"integrity": "sha512-ugZxsxmtTln604yeYd29EGrNhazN2lywetzpKhfmQjW/VJmhpDmWbiX+h0zL8V91R0UXkhb3KtPmyq9PZw3aYw=="
				},
				"stream-to-it": {
					"version": "0.2.0",
					"resolved": "https://registry.npmjs.org/stream-to-it/-/stream-to-it-0.2.0.tgz",
					"integrity": "sha512-bK/N8LPMc4FgNxXwIRBbJDWg2GYUfnVGH++hTM5SjCHzyPPWYp2ml+wnqaO86+y0SywZDxPAZSNAPP3Wii/QzQ==",
					"requires": {
						"get-iterator": "^1.0.2",
						"p-defer": "^3.0.0"
					}
				},
				"universalify": {
					"version": "1.0.0",
					"resolved": "https://registry.npmjs.org/universalify/-/universalify-1.0.0.tgz",
					"integrity": "sha512-rb6X1W158d7pRQBg5gkR8uPaSfiids68LTJQYOtEUhoJUWBdaQHsuT/EUduxXYxcrt4r5PJ4fuHW1MHT6p0qug=="
				}
			}
		}
	}
}
