{
	"name": "interface-ipfs-core",
	"version": "0.132.0",
	"lockfileVersion": 1,
	"requires": true,
	"dependencies": {
		"buffer": {
			"version": "5.5.0",
			"resolved": "https://registry.npmjs.org/buffer/-/buffer-5.5.0.tgz",
			"integrity": "sha512-9FTEDjLjwoAkEwyMGDjYJQN2gfRgOKBKRfiglhvibGbpeeU/pQn1bJxQqm32OD/AIeEuHxU9roxXxg34Byp/Ww==",
			"requires": {
				"base64-js": "^1.0.2",
				"ieee754": "^1.1.4"
			},
			"dependencies": {
				"base64-js": {
					"version": "1.3.1",
					"resolved": "https://registry.npmjs.org/base64-js/-/base64-js-1.3.1.tgz",
					"integrity": "sha512-mLQ4i2QO1ytvGWFWmcngKO//JXAQueZvwEKtjgQFM4jIK0kU+ytMfplL8j+n5mspOfjHwoAg+9yhb7BwAHm36g=="
				},
				"ieee754": {
					"version": "1.1.13",
					"resolved": "https://registry.npmjs.org/ieee754/-/ieee754-1.1.13.tgz",
					"integrity": "sha512-4vf7I2LYV/HaWerSo3XmlMkp5eZ83i+/CDluXi/IGTs/O1sejBNhTtnxzmRZfvOUqj7lZjqHkeTvpgSFDlWZTg=="
				}
			}
		},
		"peer-id": {
			"version": "0.13.10",
			"resolved": "https://registry.npmjs.org/peer-id/-/peer-id-0.13.10.tgz",
			"integrity": "sha512-GFu7sIYA+VKqOr5HjaQOP2shgoWqptgVsB356XT6EdxDRYeFwOjcmC/HoPGaWj1uU8yQpCSBsCKjkOysE5GJMQ==",
			"requires": {
				"buffer": "^5.5.0",
				"cids": "^0.7.3",
				"class-is": "^1.1.0",
				"libp2p-crypto": "~0.17.3",
				"multihashes": "~0.4.15",
				"protons": "^1.0.2"
			},
			"dependencies": {
				"asn1.js": {
					"version": "5.3.0",
					"resolved": "https://registry.npmjs.org/asn1.js/-/asn1.js-5.3.0.tgz",
					"integrity": "sha512-WHnQJFcOrIWT1RLOkFFBQkFVvyt9BPOOrH+Dp152Zk4R993rSzXUGPmkybIcUFhHE2d/iHH+nCaOWVCDbO8fgA==",
					"requires": {
						"bn.js": "^4.0.0",
						"inherits": "^2.0.1",
						"minimalistic-assert": "^1.0.0",
						"safer-buffer": "^2.1.0"
					}
				},
				"base-x": {
					"version": "3.0.8",
					"resolved": "https://registry.npmjs.org/base-x/-/base-x-3.0.8.tgz",
					"integrity": "sha512-Rl/1AWP4J/zRrk54hhlxH4drNxPJXYUaKffODVI53/dAsV4t9fBxyxYKAVPU1XBHxYwOWP9h9H0hM2MVw4YfJA==",
					"requires": {
						"safe-buffer": "^5.0.1"
					}
				},
				"base64-js": {
					"version": "1.3.1",
					"resolved": "https://registry.npmjs.org/base64-js/-/base64-js-1.3.1.tgz",
					"integrity": "sha512-mLQ4i2QO1ytvGWFWmcngKO//JXAQueZvwEKtjgQFM4jIK0kU+ytMfplL8j+n5mspOfjHwoAg+9yhb7BwAHm36g=="
				},
				"bindings": {
					"version": "1.5.0",
					"resolved": "https://registry.npmjs.org/bindings/-/bindings-1.5.0.tgz",
					"integrity": "sha512-p2q/t/mhvuOj/UeLlV6566GD/guowlr0hHxClI0W9m7MWYkL1F0hLo+0Aexs9HSPCtR1SXQ0TD3MMKrXZajbiQ==",
					"requires": {
						"file-uri-to-path": "1.0.0"
					}
				},
				"blakejs": {
					"version": "1.1.0",
					"resolved": "https://registry.npmjs.org/blakejs/-/blakejs-1.1.0.tgz",
					"integrity": "sha1-ad+S75U6qIylGjLfarHFShVfx6U="
				},
				"bn.js": {
					"version": "4.11.8",
					"resolved": "https://registry.npmjs.org/bn.js/-/bn.js-4.11.8.tgz",
					"integrity": "sha512-ItfYfPLkWHUjckQCk8xC+LwxgK8NYcXywGigJgSwOP8Y2iyWT4f2vsZnoOXTTbo+o5yXmIUJ4gn5538SO5S3gA=="
				},
				"brorand": {
					"version": "1.1.0",
					"resolved": "https://registry.npmjs.org/brorand/-/brorand-1.1.0.tgz",
					"integrity": "sha1-EsJe/kCkXjwyPrhnWgoM5XsiNx8="
				},
				"buffer": {
					"version": "5.5.0",
					"resolved": "https://registry.npmjs.org/buffer/-/buffer-5.5.0.tgz",
					"integrity": "sha512-9FTEDjLjwoAkEwyMGDjYJQN2gfRgOKBKRfiglhvibGbpeeU/pQn1bJxQqm32OD/AIeEuHxU9roxXxg34Byp/Ww==",
					"requires": {
						"base64-js": "^1.0.2",
						"ieee754": "^1.1.4"
					}
				},
				"cids": {
					"version": "0.7.5",
					"resolved": "https://registry.npmjs.org/cids/-/cids-0.7.5.tgz",
					"integrity": "sha512-zT7mPeghoWAu+ppn8+BS1tQ5qGmbMfB4AregnQjA/qHY3GC1m1ptI9GkWNlgeu38r7CuRdXB47uY2XgAYt6QVA==",
					"requires": {
						"buffer": "^5.5.0",
						"class-is": "^1.1.0",
						"multibase": "~0.6.0",
						"multicodec": "^1.0.0",
						"multihashes": "~0.4.15"
					}
				},
				"class-is": {
					"version": "1.1.0",
					"resolved": "https://registry.npmjs.org/class-is/-/class-is-1.1.0.tgz",
					"integrity": "sha512-rhjH9AG1fvabIDoGRVH587413LPjTZgmDF9fOFCbFJQV4yuocX1mHxxvXI4g3cGwbVY9wAYIoKlg1N79frJKQw=="
				},
				"elliptic": {
					"version": "6.5.2",
					"resolved": "https://registry.npmjs.org/elliptic/-/elliptic-6.5.2.tgz",
					"integrity": "sha512-f4x70okzZbIQl/NSRLkI/+tteV/9WqL98zx+SQ69KbXxmVrmjwsNUPn/gYJJ0sHvEak24cZgHIPegRePAtA/xw==",
					"requires": {
						"bn.js": "^4.4.0",
						"brorand": "^1.0.1",
						"hash.js": "^1.0.0",
						"hmac-drbg": "^1.0.0",
						"inherits": "^2.0.1",
						"minimalistic-assert": "^1.0.0",
						"minimalistic-crypto-utils": "^1.0.0"
					}
				},
				"err-code": {
					"version": "2.0.0",
					"resolved": "https://registry.npmjs.org/err-code/-/err-code-2.0.0.tgz",
					"integrity": "sha512-MsMOijQ4v0xlmrz1fc7lyPEy7jFhoNF7EVaRSP7mPzs20LaFOwG6qNjGRy3Ie85n9DARlcUnB1zbsBv5sJrIvw=="
				},
				"file-uri-to-path": {
					"version": "1.0.0",
					"resolved": "https://registry.npmjs.org/file-uri-to-path/-/file-uri-to-path-1.0.0.tgz",
					"integrity": "sha512-0Zt+s3L7Vf1biwWZ29aARiVYLx7iMGnEUl9x33fbB/j3jR81u/O2LbqK+Bm1CDSNDKVtJ/YjwY7TUd5SkeLQLw=="
				},
				"hash.js": {
					"version": "1.1.7",
					"resolved": "https://registry.npmjs.org/hash.js/-/hash.js-1.1.7.tgz",
					"integrity": "sha512-taOaskGt4z4SOANNseOviYDvjEJinIkRgmp7LbKP2YTTmVxWBl87s/uzK9r+44BclBSp2X7K1hqeNfz9JbBeXA==",
					"requires": {
						"inherits": "^2.0.3",
						"minimalistic-assert": "^1.0.1"
					}
				},
				"hmac-drbg": {
					"version": "1.0.1",
					"resolved": "https://registry.npmjs.org/hmac-drbg/-/hmac-drbg-1.0.1.tgz",
					"integrity": "sha1-0nRXAQJabHdabFRXk+1QL8DGSaE=",
					"requires": {
						"hash.js": "^1.0.3",
						"minimalistic-assert": "^1.0.0",
						"minimalistic-crypto-utils": "^1.0.1"
					}
				},
				"ieee754": {
					"version": "1.1.13",
					"resolved": "https://registry.npmjs.org/ieee754/-/ieee754-1.1.13.tgz",
					"integrity": "sha512-4vf7I2LYV/HaWerSo3XmlMkp5eZ83i+/CDluXi/IGTs/O1sejBNhTtnxzmRZfvOUqj7lZjqHkeTvpgSFDlWZTg=="
				},
				"inherits": {
					"version": "2.0.4",
					"resolved": "https://registry.npmjs.org/inherits/-/inherits-2.0.4.tgz",
					"integrity": "sha512-k/vGaX4/Yla3WzyMCvTQOXYeIHvqOKtnqBduzTHpzpQZzAskKMhZ2K+EnBiSM9zGSoIFeMpXKxa4dYeZIQqewQ=="
				},
				"is-typedarray": {
					"version": "1.0.0",
					"resolved": "https://registry.npmjs.org/is-typedarray/-/is-typedarray-1.0.0.tgz",
					"integrity": "sha1-5HnICFjfDBsR3dppQPlgEfzaSpo="
				},
				"iso-random-stream": {
					"version": "1.1.1",
					"resolved": "https://registry.npmjs.org/iso-random-stream/-/iso-random-stream-1.1.1.tgz",
					"integrity": "sha512-YEt/7xOwTdu4KXIgtdgGFkiLUsBaddbnkmHyaFdjJYIcD7V4gpQHPvYC5tyh3kA0PQ01y9lWm1ruVdf8Mqzovg==",
					"requires": {
						"buffer": "^5.4.3",
						"readable-stream": "^3.4.0"
					}
				},
				"js-sha3": {
					"version": "0.8.0",
					"resolved": "https://registry.npmjs.org/js-sha3/-/js-sha3-0.8.0.tgz",
					"integrity": "sha512-gF1cRrHhIzNfToc802P800N8PpXS+evLLXfsVpowqmAFR9uwbi89WvXg2QspOmXL8QL86J4T1EpFu+yUkwJY3Q=="
				},
				"keypair": {
					"version": "1.0.1",
					"resolved": "https://registry.npmjs.org/keypair/-/keypair-1.0.1.tgz",
					"integrity": "sha1-dgNxknCvtlZO04oiCHoG/Jqk6hs="
				},
				"libp2p-crypto": {
					"version": "0.17.5",
					"resolved": "https://registry.npmjs.org/libp2p-crypto/-/libp2p-crypto-0.17.5.tgz",
					"integrity": "sha512-pvGKdxY9CvdsaFNFi8xz42CQ2XesAeLNMlsiPI1M1bopMJxHtNPy5HvEInvHL/bODTJn6SrKICbKsQ7bddMXpg==",
					"requires": {
						"buffer": "^5.5.0",
						"err-code": "^2.0.0",
						"iso-random-stream": "^1.1.0",
						"keypair": "^1.0.1",
						"libp2p-crypto-secp256k1": "^0.4.2",
						"multibase": "^0.7.0",
						"multihashing-async": "^0.8.1",
						"node-forge": "~0.9.1",
						"pem-jwk": "^2.0.0",
						"protons": "^1.0.1",
						"ursa-optional": "~0.10.1"
					},
					"dependencies": {
						"multibase": {
							"version": "0.7.0",
							"resolved": "https://registry.npmjs.org/multibase/-/multibase-0.7.0.tgz",
							"integrity": "sha512-TW8q03O0f6PNFTQDvh3xxH03c8CjGaaYrjkl9UQPG6rz53TQzzxJVCIWVjzcbN/Q5Y53Zd0IBQBMVktVgNx4Fg==",
							"requires": {
								"base-x": "^3.0.8",
								"buffer": "^5.5.0"
							}
						}
					}
				},
				"libp2p-crypto-secp256k1": {
					"version": "0.4.2",
					"resolved": "https://registry.npmjs.org/libp2p-crypto-secp256k1/-/libp2p-crypto-secp256k1-0.4.2.tgz",
					"integrity": "sha512-gyJAgWsHaPMmZPXuKoGOwZ1GfvrLcU2p/2SyU5vaKx1ZlSpQsLU1wztk12BVzyBrS4UqgFY11uaZFQXY/xrIPQ==",
					"requires": {
						"buffer": "^5.5.0",
						"is-typedarray": "^1.0.0",
						"multibase": "^0.6.0",
						"multihashing-async": "^0.8.1",
						"secp256k1": "^4.0.0"
					}
				},
				"minimalistic-assert": {
					"version": "1.0.1",
					"resolved": "https://registry.npmjs.org/minimalistic-assert/-/minimalistic-assert-1.0.1.tgz",
					"integrity": "sha512-UtJcAD4yEaGtjPezWuO9wC4nwUnVH/8/Im3yEHQP4b67cXlD/Qr9hdITCU1xDbSEXg2XKNaP8jsReV7vQd00/A=="
				},
				"minimalistic-crypto-utils": {
					"version": "1.0.1",
					"resolved": "https://registry.npmjs.org/minimalistic-crypto-utils/-/minimalistic-crypto-utils-1.0.1.tgz",
					"integrity": "sha1-9sAMHAsIIkblxNmd+4x8CDsrWCo="
				},
				"multibase": {
					"version": "0.6.1",
					"resolved": "https://registry.npmjs.org/multibase/-/multibase-0.6.1.tgz",
					"integrity": "sha512-pFfAwyTjbbQgNc3G7D48JkJxWtoJoBMaR4xQUOuB8RnCgRqaYmWNFeJTTvrJ2w51bjLq2zTby6Rqj9TQ9elSUw==",
					"requires": {
						"base-x": "^3.0.8",
						"buffer": "^5.5.0"
					}
				},
				"multicodec": {
					"version": "1.0.1",
					"resolved": "https://registry.npmjs.org/multicodec/-/multicodec-1.0.1.tgz",
					"integrity": "sha512-yrrU/K8zHyAH2B0slNVeq3AiwluflHpgQ3TAzwNJcuO2AoPyXgBT2EDkdbP1D8B/yFOY+S2hDYmFlI1vhVFkQw==",
					"requires": {
						"buffer": "^5.5.0",
						"varint": "^5.0.0"
					}
				},
				"multihashes": {
					"version": "0.4.18",
					"resolved": "https://registry.npmjs.org/multihashes/-/multihashes-0.4.18.tgz",
					"integrity": "sha512-dympBU0caCOiU7Lnun/8N9Y1Oo/j/5LW5u9kDyMyBKTnPpYzGesyWwF8tK96inUoXoj/VRpYnl0sh+yh9xUaWQ==",
					"requires": {
						"buffer": "^5.5.0",
						"multibase": "^0.7.0",
						"varint": "^5.0.0"
					},
					"dependencies": {
						"multibase": {
							"version": "0.7.0",
							"resolved": "https://registry.npmjs.org/multibase/-/multibase-0.7.0.tgz",
							"integrity": "sha512-TW8q03O0f6PNFTQDvh3xxH03c8CjGaaYrjkl9UQPG6rz53TQzzxJVCIWVjzcbN/Q5Y53Zd0IBQBMVktVgNx4Fg==",
							"requires": {
								"base-x": "^3.0.8",
								"buffer": "^5.5.0"
							}
						}
					}
				},
				"multihashing-async": {
					"version": "0.8.1",
					"resolved": "https://registry.npmjs.org/multihashing-async/-/multihashing-async-0.8.1.tgz",
					"integrity": "sha512-qu3eIXHebc9a4OU4n/60BdZLFpX+/dGBs3DbzXCxX1aU0rFF19KQAiGl+sRL9wvKIJdeF2+w16RRJrpyTHpkkA==",
					"requires": {
						"blakejs": "^1.1.0",
						"buffer": "^5.4.3",
						"err-code": "^2.0.0",
						"js-sha3": "~0.8.0",
						"multihashes": "~0.4.15",
						"murmurhash3js-revisited": "^3.0.0"
					}
				},
				"murmurhash3js-revisited": {
					"version": "3.0.0",
					"resolved": "https://registry.npmjs.org/murmurhash3js-revisited/-/murmurhash3js-revisited-3.0.0.tgz",
					"integrity": "sha512-/sF3ee6zvScXMb1XFJ8gDsSnY+X8PbOyjIuBhtgis10W2Jx4ZjIhikUCIF9c4gpJxVnQIsPAFrSwTCuAjicP6g=="
				},
				"nan": {
					"version": "2.14.0",
					"resolved": "https://registry.npmjs.org/nan/-/nan-2.14.0.tgz",
					"integrity": "sha512-INOFj37C7k3AfaNTtX8RhsTw7qRy7eLET14cROi9+5HAVbbHuIWUHEauBv5qT4Av2tWasiTY1Jw6puUNqRJXQg=="
				},
				"node-addon-api": {
					"version": "2.0.0",
					"resolved": "https://registry.npmjs.org/node-addon-api/-/node-addon-api-2.0.0.tgz",
					"integrity": "sha512-ASCL5U13as7HhOExbT6OlWJJUV/lLzL2voOSP1UVehpRD8FbSrSDjfScK/KwAvVTI5AS6r4VwbOMlIqtvRidnA=="
				},
				"node-forge": {
					"version": "0.9.1",
					"resolved": "https://registry.npmjs.org/node-forge/-/node-forge-0.9.1.tgz",
					"integrity": "sha512-G6RlQt5Sb4GMBzXvhfkeFmbqR6MzhtnT7VTHuLadjkii3rdYHNdw0m8zA4BTxVIh68FicCQ2NSUANpsqkr9jvQ=="
				},
				"node-gyp-build": {
					"version": "4.2.1",
					"resolved": "https://registry.npmjs.org/node-gyp-build/-/node-gyp-build-4.2.1.tgz",
					"integrity": "sha512-XyCKXsqZfLqHep1hhsMncoXuUNt/cXCjg1+8CLbu69V1TKuPiOeSGbL9n+k/ByKH8UT0p4rdIX8XkTRZV0i7Sw=="
				},
				"pem-jwk": {
					"version": "2.0.0",
					"resolved": "https://registry.npmjs.org/pem-jwk/-/pem-jwk-2.0.0.tgz",
					"integrity": "sha512-rFxu7rVoHgQ5H9YsP50dDWf0rHjreVA2z0yPiWr5WdH/UHb29hKtF7h6l8vNd1cbYR1t0QL+JKhW55a2ZV4KtA==",
					"requires": {
						"asn1.js": "^5.0.1"
					}
				},
				"protocol-buffers-schema": {
					"version": "3.4.0",
					"resolved": "https://registry.npmjs.org/protocol-buffers-schema/-/protocol-buffers-schema-3.4.0.tgz",
					"integrity": "sha512-G/2kcamPF2S49W5yaMGdIpkG6+5wZF0fzBteLKgEHjbNzqjZQ85aAs1iJGto31EJaSTkNvHs5IXuHSaTLWBAiA=="
				},
				"protons": {
					"version": "1.0.2",
					"resolved": "https://registry.npmjs.org/protons/-/protons-1.0.2.tgz",
					"integrity": "sha512-PexfP8Vh9pLMa5jUWJZLqofoQYmLUTrqLYAtqNoxwgm2ixxqLQz2BHJ7XEPCS4ZhTx/n5MXWpcT6P91oM+mgOQ==",
					"requires": {
						"buffer": "^5.5.0",
						"protocol-buffers-schema": "^3.3.1",
						"signed-varint": "^2.0.1",
						"varint": "^5.0.0"
					}
				},
				"readable-stream": {
					"version": "3.6.0",
					"resolved": "https://registry.npmjs.org/readable-stream/-/readable-stream-3.6.0.tgz",
					"integrity": "sha512-BViHy7LKeTz4oNnkcLJ+lVSL6vpiFeX6/d3oSH8zCW7UxP2onchk+vTGB143xuFjHS3deTgkKoXXymXqymiIdA==",
					"requires": {
						"inherits": "^2.0.3",
						"string_decoder": "^1.1.1",
						"util-deprecate": "^1.0.1"
					}
				},
				"safe-buffer": {
					"version": "5.2.0",
					"resolved": "https://registry.npmjs.org/safe-buffer/-/safe-buffer-5.2.0.tgz",
					"integrity": "sha512-fZEwUGbVl7kouZs1jCdMLdt95hdIv0ZeHg6L7qPeciMZhZ+/gdesW4wgTARkrFWEpspjEATAzUGPG8N2jJiwbg=="
				},
				"safer-buffer": {
					"version": "2.1.2",
					"resolved": "https://registry.npmjs.org/safer-buffer/-/safer-buffer-2.1.2.tgz",
					"integrity": "sha512-YZo3K82SD7Riyi0E1EQPojLz7kpepnSQI9IyPbHHg1XXXevb5dJI7tpyN2ADxGcQbHG7vcyRHk0cbwqcQriUtg=="
				},
				"secp256k1": {
					"version": "4.0.0",
					"resolved": "https://registry.npmjs.org/secp256k1/-/secp256k1-4.0.0.tgz",
					"integrity": "sha512-0w0zse+Iku13O58SVE9/DhyCKWNsKb+n/vMqLOGICgSqxWuXZs+eajBf9uVOgk5QfNvTY/mx0QSqYxkcz802dw==",
					"requires": {
						"elliptic": "^6.5.2",
						"node-addon-api": "^2.0.0",
						"node-gyp-build": "^4.2.0"
					}
				},
				"signed-varint": {
					"version": "2.0.1",
					"resolved": "https://registry.npmjs.org/signed-varint/-/signed-varint-2.0.1.tgz",
					"integrity": "sha1-UKmYnafJjCxh2tEZvJdHDvhSgSk=",
					"requires": {
						"varint": "~5.0.0"
					}
				},
				"string_decoder": {
					"version": "1.3.0",
					"resolved": "https://registry.npmjs.org/string_decoder/-/string_decoder-1.3.0.tgz",
					"integrity": "sha512-hkRX8U1WjJFd8LsDJ2yQ/wWWxaopEsABU1XfkM8A+j0+85JAGppt16cr1Whg6KIbb4okU6Mql6BOj+uup/wKeA==",
					"requires": {
						"safe-buffer": "~5.2.0"
					}
				},
				"ursa-optional": {
					"version": "0.10.1",
					"resolved": "https://registry.npmjs.org/ursa-optional/-/ursa-optional-0.10.1.tgz",
					"integrity": "sha512-/pgpBXVJut57dHNrdGF+1/qXi+5B7JrlmZDWPSyoivEcbwFWRZJBJGkWb6ivknMBA3bnFA7lqsb6iHiFfp79QQ==",
					"requires": {
						"bindings": "^1.5.0",
						"nan": "^2.14.0"
					}
				},
				"util-deprecate": {
					"version": "1.0.2",
					"resolved": "https://registry.npmjs.org/util-deprecate/-/util-deprecate-1.0.2.tgz",
					"integrity": "sha1-RQ1Nyfpw3nMnYvvS1KKJgUGaDM8="
				},
				"varint": {
					"version": "5.0.0",
					"resolved": "https://registry.npmjs.org/varint/-/varint-5.0.0.tgz",
					"integrity": "sha1-2Ca4n3SQcy+rwMDtaT7Uddyynr8="
				}
			}
		}
	}
}
